// !$*UTF8*$!
{
	archiveVersion = 1;
	classes = {
	};
	objectVersion = 46;
	objects = {

/* Begin PBXBuildFile section */
		2F87FAB01B773D790046B9A9 /* main.m in Sources */ = {isa = PBXBuildFile; fileRef = 2F87FAAF1B773D790046B9A9 /* main.m */; };
		2F87FAB31B773D790046B9A9 /* AppDelegate.m in Sources */ = {isa = PBXBuildFile; fileRef = 2F87FAB21B773D790046B9A9 /* AppDelegate.m */; };
		2F87FAB61B773D790046B9A9 /* ViewController.m in Sources */ = {isa = PBXBuildFile; fileRef = 2F87FAB51B773D790046B9A9 /* ViewController.m */; };
		2F87FAB91B773D790046B9A9 /* Main.storyboard in Resources */ = {isa = PBXBuildFile; fileRef = 2F87FAB71B773D790046B9A9 /* Main.storyboard */; };
		2F87FABB1B773D790046B9A9 /* Images.xcassets in Resources */ = {isa = PBXBuildFile; fileRef = 2F87FABA1B773D790046B9A9 /* Images.xcassets */; };
		2F87FABE1B773D790046B9A9 /* LaunchScreen.xib in Resources */ = {isa = PBXBuildFile; fileRef = 2F87FABC1B773D790046B9A9 /* LaunchScreen.xib */; };
		2F87FACA1B773D790046B9A9 /* HypnoNerdTests.m in Sources */ = {isa = PBXBuildFile; fileRef = 2F87FAC91B773D790046B9A9 /* HypnoNerdTests.m */; };
		2F87FAD81B773E410046B9A9 /* BNRHypnosisView.m in Sources */ = {isa = PBXBuildFile; fileRef = 2F87FAD71B773E410046B9A9 /* BNRHypnosisView.m */; };
		2F87FADB1B773F160046B9A9 /* BNRHypnosisController.m in Sources */ = {isa = PBXBuildFile; fileRef = 2F87FADA1B773F160046B9A9 /* BNRHypnosisController.m */; };
		2F87FADE1B77444C0046B9A9 /* BNRReminderViewController.m in Sources */ = {isa = PBXBuildFile; fileRef = 2F87FADD1B77444C0046B9A9 /* BNRReminderViewController.m */; };
		2F87FAE21B774C020046B9A9 /* BNRReminderViewController.xib in Resources */ = {isa = PBXBuildFile; fileRef = 2F87FAE11B774C020046B9A9 /* BNRReminderViewController.xib */; };
		2FFC0F4C1B77784300B8BB92 /* Hypno.png in Resources */ = {isa = PBXBuildFile; fileRef = 2FFC0F481B77784300B8BB92 /* Hypno.png */; };
		2FFC0F4D1B77784300B8BB92 /* Hypno@2x.png in Resources */ = {isa = PBXBuildFile; fileRef = 2FFC0F491B77784300B8BB92 /* Hypno@2x.png */; };
		2FFC0F4E1B77784300B8BB92 /* Time.png in Resources */ = {isa = PBXBuildFile; fileRef = 2FFC0F4A1B77784300B8BB92 /* Time.png */; };
		2FFC0F4F1B77784300B8BB92 /* Time@2x.png in Resources */ = {isa = PBXBuildFile; fileRef = 2FFC0F4B1B77784300B8BB92 /* Time@2x.png */; };
/* End PBXBuildFile section */

/* Begin PBXContainerItemProxy section */
		2F87FAC41B773D790046B9A9 /* PBXContainerItemProxy */ = {
			isa = PBXContainerItemProxy;
			containerPortal = 2F87FAA21B773D790046B9A9 /* Project object */;
			proxyType = 1;
			remoteGlobalIDString = 2F87FAA91B773D790046B9A9;
			remoteInfo = HypnoNerd;
		};
/* End PBXContainerItemProxy section */

/* Begin PBXFileReference section */
		2F87FAAA1B773D790046B9A9 /* HypnoNerd.app */ = {isa = PBXFileReference; explicitFileType = wrapper.application; includeInIndex = 0; path = HypnoNerd.app; sourceTree = BUILT_PRODUCTS_DIR; };
		2F87FAAE1B773D790046B9A9 /* Info.plist */ = {isa = PBXFileReference; lastKnownFileType = text.plist.xml; path = Info.plist; sourceTree = "<group>"; };
		2F87FAAF1B773D790046B9A9 /* main.m */ = {isa = PBXFileReference; lastKnownFileType = sourcecode.c.objc; path = main.m; sourceTree = "<group>"; };
		2F87FAB11B773D790046B9A9 /* AppDelegate.h */ = {isa = PBXFileReference; lastKnownFileType = sourcecode.c.h; path = AppDelegate.h; sourceTree = "<group>"; };
		2F87FAB21B773D790046B9A9 /* AppDelegate.m */ = {isa = PBXFileReference; lastKnownFileType = sourcecode.c.objc; path = AppDelegate.m; sourceTree = "<group>"; };
		2F87FAB41B773D790046B9A9 /* ViewController.h */ = {isa = PBXFileReference; lastKnownFileType = sourcecode.c.h; path = ViewController.h; sourceTree = "<group>"; };
		2F87FAB51B773D790046B9A9 /* ViewController.m */ = {isa = PBXFileReference; lastKnownFileType = sourcecode.c.objc; path = ViewController.m; sourceTree = "<group>"; };
		2F87FAB81B773D790046B9A9 /* Base */ = {isa = PBXFileReference; lastKnownFileType = file.storyboard; name = Base; path = Base.lproj/Main.storyboard; sourceTree = "<group>"; };
		2F87FABA1B773D790046B9A9 /* Images.xcassets */ = {isa = PBXFileReference; lastKnownFileType = folder.assetcatalog; path = Images.xcassets; sourceTree = "<group>"; };
		2F87FABD1B773D790046B9A9 /* Base */ = {isa = PBXFileReference; lastKnownFileType = file.xib; name = Base; path = Base.lproj/LaunchScreen.xib; sourceTree = "<group>"; };
		2F87FAC31B773D790046B9A9 /* HypnoNerdTests.xctest */ = {isa = PBXFileReference; explicitFileType = wrapper.cfbundle; includeInIndex = 0; path = HypnoNerdTests.xctest; sourceTree = BUILT_PRODUCTS_DIR; };
		2F87FAC81B773D790046B9A9 /* Info.plist */ = {isa = PBXFileReference; lastKnownFileType = text.plist.xml; path = Info.plist; sourceTree = "<group>"; };
		2F87FAC91B773D790046B9A9 /* HypnoNerdTests.m */ = {isa = PBXFileReference; lastKnownFileType = sourcecode.c.objc; path = HypnoNerdTests.m; sourceTree = "<group>"; };
		2F87FAD61B773E410046B9A9 /* BNRHypnosisView.h */ = {isa = PBXFileReference; fileEncoding = 4; lastKnownFileType = sourcecode.c.h; path = BNRHypnosisView.h; sourceTree = "<group>"; };
		2F87FAD71B773E410046B9A9 /* BNRHypnosisView.m */ = {isa = PBXFileReference; fileEncoding = 4; lastKnownFileType = sourcecode.c.objc; path = BNRHypnosisView.m; sourceTree = "<group>"; };
		2F87FAD91B773F160046B9A9 /* BNRHypnosisController.h */ = {isa = PBXFileReference; fileEncoding = 4; lastKnownFileType = sourcecode.c.h; name = BNRHypnosisController.h; path = ../BNRHypnosisController.h; sourceTree = "<group>"; };
		2F87FADA1B773F160046B9A9 /* BNRHypnosisController.m */ = {isa = PBXFileReference; fileEncoding = 4; lastKnownFileType = sourcecode.c.objc; name = BNRHypnosisController.m; path = ../BNRHypnosisController.m; sourceTree = "<group>"; };
		2F87FADC1B77444C0046B9A9 /* BNRReminderViewController.h */ = {isa = PBXFileReference; fileEncoding = 4; lastKnownFileType = sourcecode.c.h; path = BNRReminderViewController.h; sourceTree = "<group>"; };
		2F87FADD1B77444C0046B9A9 /* BNRReminderViewController.m */ = {isa = PBXFileReference; fileEncoding = 4; lastKnownFileType = sourcecode.c.objc; path = BNRReminderViewController.m; sourceTree = "<group>"; };
		2F87FAE11B774C020046B9A9 /* BNRReminderViewController.xib */ = {isa = PBXFileReference; fileEncoding = 4; lastKnownFileType = file.xib; name = BNRReminderViewController.xib; path = ../BNRReminderViewController.xib; sourceTree = "<group>"; };
		2FFC0F481B77784300B8BB92 /* Hypno.png */ = {isa = PBXFileReference; lastKnownFileType = image.png; name = Hypno.png; path = Images.xcassets/Hypno.png; sourceTree = "<group>"; };
		2FFC0F491B77784300B8BB92 /* Hypno@2x.png */ = {isa = PBXFileReference; lastKnownFileType = image.png; name = "Hypno@2x.png"; path = "Images.xcassets/Hypno@2x.png"; sourceTree = "<group>"; };
		2FFC0F4A1B77784300B8BB92 /* Time.png */ = {isa = PBXFileReference; lastKnownFileType = image.png; name = Time.png; path = Images.xcassets/Time.png; sourceTree = "<group>"; };
		2FFC0F4B1B77784300B8BB92 /* Time@2x.png */ = {isa = PBXFileReference; lastKnownFileType = image.png; name = "Time@2x.png"; path = "Images.xcassets/Time@2x.png"; sourceTree = "<group>"; };
/* End PBXFileReference section */

/* Begin PBXFrameworksBuildPhase section */
		2F87FAA71B773D790046B9A9 /* Frameworks */ = {
			isa = PBXFrameworksBuildPhase;
			buildActionMask = 2147483647;
			files = (
			);
			runOnlyForDeploymentPostprocessing = 0;
		};
		2F87FAC01B773D790046B9A9 /* Frameworks */ = {
			isa = PBXFrameworksBuildPhase;
			buildActionMask = 2147483647;
			files = (
			);
			runOnlyForDeploymentPostprocessing = 0;
		};
/* End PBXFrameworksBuildPhase section */

/* Begin PBXGroup section */
		2F87FAA11B773D790046B9A9 = {
			isa = PBXGroup;
			children = (
				2F87FAAC1B773D790046B9A9 /* HypnoNerd */,
				2F87FAC61B773D790046B9A9 /* HypnoNerdTests */,
				2F87FAAB1B773D790046B9A9 /* Products */,
			);
			sourceTree = "<group>";
		};
		2F87FAAB1B773D790046B9A9 /* Products */ = {
			isa = PBXGroup;
			children = (
				2F87FAAA1B773D790046B9A9 /* HypnoNerd.app */,
				2F87FAC31B773D790046B9A9 /* HypnoNerdTests.xctest */,
			);
			name = Products;
			sourceTree = "<group>";
		};
		2F87FAAC1B773D790046B9A9 /* HypnoNerd */ = {
			isa = PBXGroup;
			children = (
				2F87FAD91B773F160046B9A9 /* BNRHypnosisController.h */,
				2F87FADA1B773F160046B9A9 /* BNRHypnosisController.m */,
				2F87FAD61B773E410046B9A9 /* BNRHypnosisView.h */,
				2F87FAD71B773E410046B9A9 /* BNRHypnosisView.m */,
				2F87FAB11B773D790046B9A9 /* AppDelegate.h */,
				2F87FAB21B773D790046B9A9 /* AppDelegate.m */,
				2F87FADC1B77444C0046B9A9 /* BNRReminderViewController.h */,
				2F87FADD1B77444C0046B9A9 /* BNRReminderViewController.m */,
				2F87FAE11B774C020046B9A9 /* BNRReminderViewController.xib */,
				2F87FAB41B773D790046B9A9 /* ViewController.h */,
				2F87FAB51B773D790046B9A9 /* ViewController.m */,
				2F87FAB71B773D790046B9A9 /* Main.storyboard */,
				2FFC0F481B77784300B8BB92 /* Hypno.png */,
				2FFC0F491B77784300B8BB92 /* Hypno@2x.png */,
				2FFC0F4A1B77784300B8BB92 /* Time.png */,
				2FFC0F4B1B77784300B8BB92 /* Time@2x.png */,
				2F87FABA1B773D790046B9A9 /* Images.xcassets */,
				2F87FABC1B773D790046B9A9 /* LaunchScreen.xib */,
				2F87FAAD1B773D790046B9A9 /* Supporting Files */,
			);
			path = HypnoNerd;
			sourceTree = "<group>";
		};
		2F87FAAD1B773D790046B9A9 /* Supporting Files */ = {
			isa = PBXGroup;
			children = (
				2F87FAAE1B773D790046B9A9 /* Info.plist */,
				2F87FAAF1B773D790046B9A9 /* main.m */,
			);
			name = "Supporting Files";
			sourceTree = "<group>";
		};
		2F87FAC61B773D790046B9A9 /* HypnoNerdTests */ = {
			isa = PBXGroup;
			children = (
				2F87FAC91B773D790046B9A9 /* HypnoNerdTests.m */,
				2F87FAC71B773D790046B9A9 /* Supporting Files */,
			);
			path = HypnoNerdTests;
			sourceTree = "<group>";
		};
		2F87FAC71B773D790046B9A9 /* Supporting Files */ = {
			isa = PBXGroup;
			children = (
				2F87FAC81B773D790046B9A9 /* Info.plist */,
			);
			name = "Supporting Files";
			sourceTree = "<group>";
		};
/* End PBXGroup section */

/* Begin PBXNativeTarget section */
		2F87FAA91B773D790046B9A9 /* HypnoNerd */ = {
			isa = PBXNativeTarget;
			buildConfigurationList = 2F87FACD1B773D790046B9A9 /* Build configuration list for PBXNativeTarget "HypnoNerd" */;
			buildPhases = (
				2F87FAA61B773D790046B9A9 /* Sources */,
				2F87FAA71B773D790046B9A9 /* Frameworks */,
				2F87FAA81B773D790046B9A9 /* Resources */,
			);
			buildRules = (
			);
			dependencies = (
			);
			name = HypnoNerd;
			productName = HypnoNerd;
			productReference = 2F87FAAA1B773D790046B9A9 /* HypnoNerd.app */;
			productType = "com.apple.product-type.application";
		};
		2F87FAC21B773D790046B9A9 /* HypnoNerdTests */ = {
			isa = PBXNativeTarget;
			buildConfigurationList = 2F87FAD01B773D790046B9A9 /* Build configuration list for PBXNativeTarget "HypnoNerdTests" */;
			buildPhases = (
				2F87FABF1B773D790046B9A9 /* Sources */,
				2F87FAC01B773D790046B9A9 /* Frameworks */,
				2F87FAC11B773D790046B9A9 /* Resources */,
			);
			buildRules = (
			);
			dependencies = (
				2F87FAC51B773D790046B9A9 /* PBXTargetDependency */,
			);
			name = HypnoNerdTests;
			productName = HypnoNerdTests;
			productReference = 2F87FAC31B773D790046B9A9 /* HypnoNerdTests.xctest */;
			productType = "com.apple.product-type.bundle.unit-test";
		};
/* End PBXNativeTarget section */

/* Begin PBXProject section */
		2F87FAA21B773D790046B9A9 /* Project object */ = {
			isa = PBXProject;
			attributes = {
				CLASSPREFIX = BNR;
				LastUpgradeCheck = 0640;
				ORGANIZATIONNAME = my.company;
				TargetAttributes = {
					2F87FAA91B773D790046B9A9 = {
						CreatedOnToolsVersion = 6.4;
					};
					2F87FAC21B773D790046B9A9 = {
						CreatedOnToolsVersion = 6.4;
						TestTargetID = 2F87FAA91B773D790046B9A9;
					};
				};
			};
			buildConfigurationList = 2F87FAA51B773D790046B9A9 /* Build configuration list for PBXProject "HypnoNerd" */;
			compatibilityVersion = "Xcode 3.2";
			developmentRegion = English;
			hasScannedForEncodings = 0;
			knownRegions = (
				en,
				Base,
			);
			mainGroup = 2F87FAA11B773D790046B9A9;
			productRefGroup = 2F87FAAB1B773D790046B9A9 /* Products */;
			projectDirPath = "";
			projectRoot = "";
			targets = (
				2F87FAA91B773D790046B9A9 /* HypnoNerd */,
				2F87FAC21B773D790046B9A9 /* HypnoNerdTests */,
			);
		};
/* End PBXProject section */

/* Begin PBXResourcesBuildPhase section */
		2F87FAA81B773D790046B9A9 /* Resources */ = {
			isa = PBXResourcesBuildPhase;
			buildActionMask = 2147483647;
			files = (
				2F87FAB91B773D790046B9A9 /* Main.storyboard in Resources */,
				2F87FAE21B774C020046B9A9 /* BNRReminderViewController.xib in Resources */,
				2FFC0F4E1B77784300B8BB92 /* Time.png in Resources */,
				2F87FABE1B773D790046B9A9 /* LaunchScreen.xib in Resources */,
				2FFC0F4D1B77784300B8BB92 /* Hypno@2x.png in Resources */,
				2F87FABB1B773D790046B9A9 /* Images.xcassets in Resources */,
				2FFC0F4C1B77784300B8BB92 /* Hypno.png in Resources */,
				2FFC0F4F1B77784300B8BB92 /* Time@2x.png in Resources */,
			);
			runOnlyForDeploymentPostprocessing = 0;
		};
		2F87FAC11B773D790046B9A9 /* Resources */ = {
			isa = PBXResourcesBuildPhase;
			buildActionMask = 2147483647;
			files = (
			);
			runOnlyForDeploymentPostprocessing = 0;
		};
/* End PBXResourcesBuildPhase section */

/* Begin PBXSourcesBuildPhase section */
		2F87FAA61B773D790046B9A9 /* Sources */ = {
			isa = PBXSourcesBuildPhase;
			buildActionMask = 2147483647;
			files = (
				2F87FAB61B773D790046B9A9 /* ViewController.m in Sources */,
				2F87FADE1B77444C0046B9A9 /* BNRReminderViewController.m in Sources */,
				2F87FAB31B773D790046B9A9 /* AppDelegate.m in Sources */,
				2F87FADB1B773F160046B9A9 /* BNRHypnosisController.m in Sources */,
				2F87FAD81B773E410046B9A9 /* BNRHypnosisView.m in Sources */,
				2F87FAB01B773D790046B9A9 /* main.m in Sources */,
			);
			runOnlyForDeploymentPostprocessing = 0;
		};
		2F87FABF1B773D790046B9A9 /* Sources */ = {
			isa = PBXSourcesBuildPhase;
			buildActionMask = 2147483647;
			files = (
				2F87FACA1B773D790046B9A9 /* HypnoNerdTests.m in Sources */,
			);
			runOnlyForDeploymentPostprocessing = 0;
		};
/* End PBXSourcesBuildPhase section */

/* Begin PBXTargetDependency section */
		2F87FAC51B773D790046B9A9 /* PBXTargetDependency */ = {
			isa = PBXTargetDependency;
			target = 2F87FAA91B773D790046B9A9 /* HypnoNerd */;
			targetProxy = 2F87FAC41B773D790046B9A9 /* PBXContainerItemProxy */;
		};
/* End PBXTargetDependency section */

/* Begin PBXVariantGroup section */
		2F87FAB71B773D790046B9A9 /* Main.storyboard */ = {
			isa = PBXVariantGroup;
			children = (
				2F87FAB81B773D790046B9A9 /* Base */,
			);
			name = Main.storyboard;
			sourceTree = "<group>";
		};
		2F87FABC1B773D790046B9A9 /* LaunchScreen.xib */ = {
			isa = PBXVariantGroup;
			children = (
				2F87FABD1B773D790046B9A9 /* Base */,
			);
			name = LaunchScreen.xib;
			sourceTree = "<group>";
		};
/* End PBXVariantGroup section */

/* Begin XCBuildConfiguration section */
		2F87FACB1B773D790046B9A9 /* Debug */ = {
			isa = XCBuildConfiguration;
			buildSettings = {
				ALWAYS_SEARCH_USER_PATHS = NO;
				CLANG_CXX_LANGUAGE_STANDARD = "gnu++0x";
				CLANG_CXX_LIBRARY = "libc++";
				CLANG_ENABLE_MODULES = YES;
				CLANG_ENABLE_OBJC_ARC = YES;
				CLANG_WARN_BOOL_CONVERSION = YES;
				CLANG_WARN_CONSTANT_CONVERSION = YES;
				CLANG_WARN_DIRECT_OBJC_ISA_USAGE = YES_ERROR;
				CLANG_WARN_EMPTY_BODY = YES;
				CLANG_WARN_ENUM_CONVERSION = YES;
				CLANG_WARN_INT_CONVERSION = YES;
				CLANG_WARN_OBJC_ROOT_CLASS = YES_ERROR;
				CLANG_WARN_UNREACHABLE_CODE = YES;
				CLANG_WARN__DUPLICATE_METHOD_MATCH = YES;
				"CODE_SIGN_IDENTITY[sdk=iphoneos*]" = "iPhone Developer";
				COPY_PHASE_STRIP = NO;
				DEBUG_INFORMATION_FORMAT = "dwarf-with-dsym";
				ENABLE_STRICT_OBJC_MSGSEND = YES;
				GCC_C_LANGUAGE_STANDARD = gnu99;
				GCC_DYNAMIC_NO_PIC = NO;
				GCC_NO_COMMON_BLOCKS = YES;
				GCC_OPTIMIZATION_LEVEL = 0;
				GCC_PREPROCESSOR_DEFINITIONS = (
					"DEBUG=1",
					"$(inherited)",
				);
				GCC_SYMBOLS_PRIVATE_EXTERN = NO;
				GCC_WARN_64_TO_32_BIT_CONVERSION = YES;
				GCC_WARN_ABOUT_RETURN_TYPE = YES_ERROR;
				GCC_WARN_UNDECLARED_SELECTOR = YES;
				GCC_WARN_UNINITIALIZED_AUTOS = YES_AGGRESSIVE;
				GCC_WARN_UNUSED_FUNCTION = YES;
				GCC_WARN_UNUSED_VARIABLE = YES;
				IPHONEOS_DEPLOYMENT_TARGET = 8.4;
				MTL_ENABLE_DEBUG_INFO = YES;
				ONLY_ACTIVE_ARCH = YES;
				SDKROOT = iphoneos;
			};
			name = Debug;
		};
		2F87FACC1B773D790046B9A9 /* Release */ = {
			isa = XCBuildConfiguration;
			buildSettings = {
				ALWAYS_SEARCH_USER_PATHS = NO;
				CLANG_CXX_LANGUAGE_STANDARD = "gnu++0x";
				CLANG_CXX_LIBRARY = "libc++";
				CLANG_ENABLE_MODULES = YES;
				CLANG_ENABLE_OBJC_ARC = YES;
				CLANG_WARN_BOOL_CONVERSION = YES;
				CLANG_WARN_CONSTANT_CONVERSION = YES;
				CLANG_WARN_DIRECT_OBJC_ISA_USAGE = YES_ERROR;
				CLANG_WARN_EMPTY_BODY = YES;
				CLANG_WARN_ENUM_CONVERSION = YES;
				CLANG_WARN_INT_CONVERSION = YES;
				CLANG_WARN_OBJC_ROOT_CLASS = YES_ERROR;
				CLANG_WARN_UNREACHABLE_CODE = YES;
				CLANG_WARN__DUPLICATE_METHOD_MATCH = YES;
				"CODE_SIGN_IDENTITY[sdk=iphoneos*]" = "iPhone Developer";
				COPY_PHASE_STRIP = NO;
				DEBUG_INFORMATION_FORMAT = "dwarf-with-dsym";
				ENABLE_NS_ASSERTIONS = NO;
				ENABLE_STRICT_OBJC_MSGSEND = YES;
				GCC_C_LANGUAGE_STANDARD = gnu99;
				GCC_NO_COMMON_BLOCKS = YES;
				GCC_WARN_64_TO_32_BIT_CONVERSION = YES;
				GCC_WARN_ABOUT_RETURN_TYPE = YES_ERROR;
				GCC_WARN_UNDECLARED_SELECTOR = YES;
				GCC_WARN_UNINITIALIZED_AUTOS = YES_AGGRESSIVE;
				GCC_WARN_UNUSED_FUNCTION = YES;
				GCC_WARN_UNUSED_VARIABLE = YES;
				IPHONEOS_DEPLOYMENT_TARGET = 8.4;
				MTL_ENABLE_DEBUG_INFO = NO;
				SDKROOT = iphoneos;
				VALIDATE_PRODUCT = YES;
			};
			name = Release;
		};
		2F87FACE1B773D790046B9A9 /* Debug */ = {
			isa = XCBuildConfiguration;
			buildSettings = {
				ASSETCATALOG_COMPILER_APPICON_NAME = AppIcon;
				INFOPLIST_FILE = HypnoNerd/Info.plist;
				LD_RUNPATH_SEARCH_PATHS = "$(inherited) @executable_path/Frameworks";
				PRODUCT_NAME = "$(TARGET_NAME)";
			};
			name = Debug;
		};
		2F87FACF1B773D790046B9A9 /* Release */ = {
			isa = XCBuildConfiguration;
			buildSettings = {
				ASSETCATALOG_COMPILER_APPICON_NAME = AppIcon;
				INFOPLIST_FILE = HypnoNerd/Info.plist;
				LD_RUNPATH_SEARCH_PATHS = "$(inherited) @executable_path/Frameworks";
				PRODUCT_NAME = "$(TARGET_NAME)";
			};
			name = Release;
		};
		2F87FAD11B773D790046B9A9 /* Debug */ = {
			isa = XCBuildConfiguration;
			buildSettings = {
				BUNDLE_LOADER = "$(TEST_HOST)";
				FRAMEWORK_SEARCH_PATHS = (
					"$(SDKROOT)/Developer/Library/Frameworks",
					"$(inherited)",
				);
				GCC_PREPROCESSOR_DEFINITIONS = (
					"DEBUG=1",
					"$(inherited)",
				);
				INFOPLIST_FILE = HypnoNerdTests/Info.plist;
				LD_RUNPATH_SEARCH_PATHS = "$(inherited) @executable_path/Frameworks @loader_path/Frameworks";
				PRODUCT_NAME = "$(TARGET_NAME)";
				TEST_HOST = "$(BUILT_PRODUCTS_DIR)/HypnoNerd.app/HypnoNerd";
			};
			name = Debug;
		};
		2F87FAD21B773D790046B9A9 /* Release */ = {
			isa = XCBuildConfiguration;
			buildSettings = {
				BUNDLE_LOADER = "$(TEST_HOST)";
				FRAMEWORK_SEARCH_PATHS = (
					"$(SDKROOT)/Developer/Library/Frameworks",
					"$(inherited)",
				);
				INFOPLIST_FILE = HypnoNerdTests/Info.plist;
				LD_RUNPATH_SEARCH_PATHS = "$(inherited) @executable_path/Frameworks @loader_path/Frameworks";
				PRODUCT_NAME = "$(TARGET_NAME)";
				TEST_HOST = "$(BUILT_PRODUCTS_DIR)/HypnoNerd.app/HypnoNerd";
			};
			name = Release;
		};
/* End XCBuildConfiguration section */

/* Begin XCConfigurationList section */
		2F87FAA51B773D790046B9A9 /* Build configuration list for PBXProject "HypnoNerd" */ = {
			isa = XCConfigurationList;
			buildConfigurations = (
				2F87FACB1B773D790046B9A9 /* Debug */,
				2F87FACC1B773D790046B9A9 /* Release */,
			);
			defaultConfigurationIsVisible = 0;
			defaultConfigurationName = Release;
		};
		2F87FACD1B773D790046B9A9 /* Build configuration list for PBXNativeTarget "HypnoNerd" */ = {
			isa = XCConfigurationList;
			buildConfigurations = (
				2F87FACE1B773D790046B9A9 /* Debug */,
				2F87FACF1B773D790046B9A9 /* Release */,
			);
			defaultConfigurationIsVisible = 0;
			defaultConfigurationName = Release;
		};
		2F87FAD01B773D790046B9A9 /* Build configuration list for PBXNativeTarget "HypnoNerdTests" */ = {
			isa = XCConfigurationList;
			buildConfigurations = (
				2F87FAD11B773D790046B9A9 /* Debug */,
				2F87FAD21B773D790046B9A9 /* Release */,
			);
			defaultConfigurationIsVisible = 0;
			defaultConfigurationName = Release;
		};
/* End XCConfigurationList section */
	};
	rootObject = 2F87FAA21B773D790046B9A9 /* Project object */;
}
