// !$*UTF8*$!
{
	archiveVersion = 1;
	classes = {
	};
	objectVersion = 46;
	objects = {

/* Begin PBXBuildFile section */
		2F0CE3BB1CA4358B00B1FF51 /* AppDelegate.m in Sources */ = {isa = PBXBuildFile; fileRef = 2F0CE3BA1CA4358B00B1FF51 /* AppDelegate.m */; };
		2F0CE3BE1CA4358B00B1FF51 /* main.m in Sources */ = {isa = PBXBuildFile; fileRef = 2F0CE3BD1CA4358B00B1FF51 /* main.m */; };
		2F0CE3C11CA4358B00B1FF51 /* Document.m in Sources */ = {isa = PBXBuildFile; fileRef = 2F0CE3C01CA4358B00B1FF51 /* Document.m */; };
		2F0CE3C41CA4358B00B1FF51 /* Document.xib in Resources */ = {isa = PBXBuildFile; fileRef = 2F0CE3C21CA4358B00B1FF51 /* Document.xib */; };
		2F0CE3C61CA4358B00B1FF51 /* Assets.xcassets in Resources */ = {isa = PBXBuildFile; fileRef = 2F0CE3C51CA4358B00B1FF51 /* Assets.xcassets */; };
		2F0CE3C91CA4358B00B1FF51 /* MainMenu.xib in Resources */ = {isa = PBXBuildFile; fileRef = 2F0CE3C71CA4358B00B1FF51 /* MainMenu.xib */; };
/* End PBXBuildFile section */

/* Begin PBXFileReference section */
		2F0CE3B61CA4358B00B1FF51 /* ZIPspector.app */ = {isa = PBXFileReference; explicitFileType = wrapper.application; includeInIndex = 0; path = ZIPspector.app; sourceTree = BUILT_PRODUCTS_DIR; };
		2F0CE3B91CA4358B00B1FF51 /* AppDelegate.h */ = {isa = PBXFileReference; lastKnownFileType = sourcecode.c.h; path = AppDelegate.h; sourceTree = "<group>"; };
		2F0CE3BA1CA4358B00B1FF51 /* AppDelegate.m */ = {isa = PBXFileReference; lastKnownFileType = sourcecode.c.objc; path = AppDelegate.m; sourceTree = "<group>"; };
		2F0CE3BD1CA4358B00B1FF51 /* main.m */ = {isa = PBXFileReference; lastKnownFileType = sourcecode.c.objc; path = main.m; sourceTree = "<group>"; };
		2F0CE3BF1CA4358B00B1FF51 /* Document.h */ = {isa = PBXFileReference; lastKnownFileType = sourcecode.c.h; path = Document.h; sourceTree = "<group>"; };
		2F0CE3C01CA4358B00B1FF51 /* Document.m */ = {isa = PBXFileReference; lastKnownFileType = sourcecode.c.objc; path = Document.m; sourceTree = "<group>"; };
		2F0CE3C31CA4358B00B1FF51 /* Base */ = {isa = PBXFileReference; lastKnownFileType = file.xib; name = Base; path = Base.lproj/Document.xib; sourceTree = "<group>"; };
		2F0CE3C51CA4358B00B1FF51 /* Assets.xcassets */ = {isa = PBXFileReference; lastKnownFileType = folder.assetcatalog; path = Assets.xcassets; sourceTree = "<group>"; };
		2F0CE3C81CA4358B00B1FF51 /* Base */ = {isa = PBXFileReference; lastKnownFileType = file.xib; name = Base; path = Base.lproj/MainMenu.xib; sourceTree = "<group>"; };
		2F0CE3CA1CA4358B00B1FF51 /* Info.plist */ = {isa = PBXFileReference; lastKnownFileType = text.plist.xml; path = Info.plist; sourceTree = "<group>"; };
/* End PBXFileReference section */

/* Begin PBXFrameworksBuildPhase section */
		2F0CE3B31CA4358B00B1FF51 /* Frameworks */ = {
			isa = PBXFrameworksBuildPhase;
			buildActionMask = 2147483647;
			files = (
			);
			runOnlyForDeploymentPostprocessing = 0;
		};
/* End PBXFrameworksBuildPhase section */

/* Begin PBXGroup section */
		2F0CE3AD1CA4358B00B1FF51 = {
			isa = PBXGroup;
			children = (
				2F0CE3B81CA4358B00B1FF51 /* ZIPspector */,
				2F0CE3B71CA4358B00B1FF51 /* Products */,
			);
			sourceTree = "<group>";
		};
		2F0CE3B71CA4358B00B1FF51 /* Products */ = {
			isa = PBXGroup;
			children = (
				2F0CE3B61CA4358B00B1FF51 /* ZIPspector.app */,
			);
			name = Products;
			sourceTree = "<group>";
		};
		2F0CE3B81CA4358B00B1FF51 /* ZIPspector */ = {
			isa = PBXGroup;
			children = (
				2F0CE3B91CA4358B00B1FF51 /* AppDelegate.h */,
				2F0CE3BA1CA4358B00B1FF51 /* AppDelegate.m */,
				2F0CE3BF1CA4358B00B1FF51 /* Document.h */,
				2F0CE3C01CA4358B00B1FF51 /* Document.m */,
				2F0CE3C21CA4358B00B1FF51 /* Document.xib */,
				2F0CE3C51CA4358B00B1FF51 /* Assets.xcassets */,
				2F0CE3C71CA4358B00B1FF51 /* MainMenu.xib */,
				2F0CE3CA1CA4358B00B1FF51 /* Info.plist */,
				2F0CE3BC1CA4358B00B1FF51 /* Supporting Files */,
			);
			path = ZIPspector;
			sourceTree = "<group>";
		};
		2F0CE3BC1CA4358B00B1FF51 /* Supporting Files */ = {
			isa = PBXGroup;
			children = (
				2F0CE3BD1CA4358B00B1FF51 /* main.m */,
			);
			name = "Supporting Files";
			sourceTree = "<group>";
		};
/* End PBXGroup section */

/* Begin PBXNativeTarget section */
		2F0CE3B51CA4358B00B1FF51 /* ZIPspector */ = {
			isa = PBXNativeTarget;
			buildConfigurationList = 2F0CE3CD1CA4358B00B1FF51 /* Build configuration list for PBXNativeTarget "ZIPspector" */;
			buildPhases = (
				2F0CE3B21CA4358B00B1FF51 /* Sources */,
				2F0CE3B31CA4358B00B1FF51 /* Frameworks */,
				2F0CE3B41CA4358B00B1FF51 /* Resources */,
			);
			buildRules = (
			);
			dependencies = (
			);
			name = ZIPspector;
			productName = ZIPspector;
			productReference = 2F0CE3B61CA4358B00B1FF51 /* ZIPspector.app */;
			productType = "com.apple.product-type.application";
		};
/* End PBXNativeTarget section */

/* Begin PBXProject section */
		2F0CE3AE1CA4358B00B1FF51 /* Project object */ = {
			isa = PBXProject;
			attributes = {
				LastUpgradeCheck = 0730;
				ORGANIZATIONNAME = my.company;
				TargetAttributes = {
					2F0CE3B51CA4358B00B1FF51 = {
						CreatedOnToolsVersion = 7.3;
					};
				};
			};
			buildConfigurationList = 2F0CE3B11CA4358B00B1FF51 /* Build configuration list for PBXProject "ZIPspector" */;
			compatibilityVersion = "Xcode 3.2";
			developmentRegion = English;
			hasScannedForEncodings = 0;
			knownRegions = (
				en,
				Base,
			);
			mainGroup = 2F0CE3AD1CA4358B00B1FF51;
			productRefGroup = 2F0CE3B71CA4358B00B1FF51 /* Products */;
			projectDirPath = "";
			projectRoot = "";
			targets = (
				2F0CE3B51CA4358B00B1FF51 /* ZIPspector */,
			);
		};
/* End PBXProject section */

/* Begin PBXResourcesBuildPhase section */
		2F0CE3B41CA4358B00B1FF51 /* Resources */ = {
			isa = PBXResourcesBuildPhase;
			buildActionMask = 2147483647;
			files = (
				2F0CE3C61CA4358B00B1FF51 /* Assets.xcassets in Resources */,
				2F0CE3C41CA4358B00B1FF51 /* Document.xib in Resources */,
				2F0CE3C91CA4358B00B1FF51 /* MainMenu.xib in Resources */,
			);
			runOnlyForDeploymentPostprocessing = 0;
		};
/* End PBXResourcesBuildPhase section */

/* Begin PBXSourcesBuildPhase section */
		2F0CE3B21CA4358B00B1FF51 /* Sources */ = {
			isa = PBXSourcesBuildPhase;
			buildActionMask = 2147483647;
			files = (
				2F0CE3C11CA4358B00B1FF51 /* Document.m in Sources */,
				2F0CE3BE1CA4358B00B1FF51 /* main.m in Sources */,
				2F0CE3BB1CA4358B00B1FF51 /* AppDelegate.m in Sources */,
			);
			runOnlyForDeploymentPostprocessing = 0;
		};
/* End PBXSourcesBuildPhase section */

/* Begin PBXVariantGroup section */
		2F0CE3C21CA4358B00B1FF51 /* Document.xib */ = {
			isa = PBXVariantGroup;
			children = (
				2F0CE3C31CA4358B00B1FF51 /* Base */,
			);
			name = Document.xib;
			sourceTree = "<group>";
		};
		2F0CE3C71CA4358B00B1FF51 /* MainMenu.xib */ = {
			isa = PBXVariantGroup;
			children = (
				2F0CE3C81CA4358B00B1FF51 /* Base */,
			);
			name = MainMenu.xib;
			sourceTree = "<group>";
		};
/* End PBXVariantGroup section */

/* Begin XCBuildConfiguration section */
		2F0CE3CB1CA4358B00B1FF51 /* Debug */ = {
			isa = XCBuildConfiguration;
			buildSettings = {
				ALWAYS_SEARCH_USER_PATHS = NO;
				CLANG_ANALYZER_NONNULL = YES;
				CLANG_CXX_LANGUAGE_STANDARD = "gnu++0x";
				CLANG_CXX_LIBRARY = "libc++";
				CLANG_ENABLE_MODULES = YES;
				CLANG_ENABLE_OBJC_ARC = YES;
				CLANG_WARN_BOOL_CONVERSION = YES;
				CLANG_WARN_CONSTANT_CONVERSION = YES;
				CLANG_WARN_DIRECT_OBJC_ISA_USAGE = YES_ERROR;
				CLANG_WARN_EMPTY_BODY = YES;
				CLANG_WARN_ENUM_CONVERSION = YES;
				CLANG_WARN_INT_CONVERSION = YES;
				CLANG_WARN_OBJC_ROOT_CLASS = YES_ERROR;
				CLANG_WARN_UNREACHABLE_CODE = YES;
				CLANG_WARN__DUPLICATE_METHOD_MATCH = YES;
				CODE_SIGN_IDENTITY = "-";
				COPY_PHASE_STRIP = NO;
				DEBUG_INFORMATION_FORMAT = dwarf;
				ENABLE_STRICT_OBJC_MSGSEND = YES;
				ENABLE_TESTABILITY = YES;
				GCC_C_LANGUAGE_STANDARD = gnu99;
				GCC_DYNAMIC_NO_PIC = NO;
				GCC_NO_COMMON_BLOCKS = YES;
				GCC_OPTIMIZATION_LEVEL = 0;
				GCC_PREPROCESSOR_DEFINITIONS = (
					"DEBUG=1",
					"$(inherited)",
				);
				GCC_WARN_64_TO_32_BIT_CONVERSION = YES;
				GCC_WARN_ABOUT_RETURN_TYPE = YES_ERROR;
				GCC_WARN_UNDECLARED_SELECTOR = YES;
				GCC_WARN_UNINITIALIZED_AUTOS = YES_AGGRESSIVE;
				GCC_WARN_UNUSED_FUNCTION = YES;
				GCC_WARN_UNUSED_VARIABLE = YES;
				MACOSX_DEPLOYMENT_TARGET = 10.11;
				MTL_ENABLE_DEBUG_INFO = YES;
				ONLY_ACTIVE_ARCH = YES;
				SDKROOT = macosx;
			};
			name = Debug;
		};
		2F0CE3CC1CA4358B00B1FF51 /* Release */ = {
			isa = XCBuildConfiguration;
			buildSettings = {
				ALWAYS_SEARCH_USER_PATHS = NO;
				CLANG_ANALYZER_NONNULL = YES;
				CLANG_CXX_LANGUAGE_STANDARD = "gnu++0x";
				CLANG_CXX_LIBRARY = "libc++";
				CLANG_ENABLE_MODULES = YES;
				CLANG_ENABLE_OBJC_ARC = YES;
				CLANG_WARN_BOOL_CONVERSION = YES;
				CLANG_WARN_CONSTANT_CONVERSION = YES;
				CLANG_WARN_DIRECT_OBJC_ISA_USAGE = YES_ERROR;
				CLANG_WARN_EMPTY_BODY = YES;
				CLANG_WARN_ENUM_CONVERSION = YES;
				CLANG_WARN_INT_CONVERSION = YES;
				CLANG_WARN_OBJC_ROOT_CLASS = YES_ERROR;
				CLANG_WARN_UNREACHABLE_CODE = YES;
				CLANG_WARN__DUPLICATE_METHOD_MATCH = YES;
				CODE_SIGN_IDENTITY = "-";
				COPY_PHASE_STRIP = NO;
				DEBUG_INFORMATION_FORMAT = "dwarf-with-dsym";
				ENABLE_NS_ASSERTIONS = NO;
				ENABLE_STRICT_OBJC_MSGSEND = YES;
				GCC_C_LANGUAGE_STANDARD = gnu99;
				GCC_NO_COMMON_BLOCKS = YES;
				GCC_WARN_64_TO_32_BIT_CONVERSION = YES;
				GCC_WARN_ABOUT_RETURN_TYPE = YES_ERROR;
				GCC_WARN_UNDECLARED_SELECTOR = YES;
				GCC_WARN_UNINITIALIZED_AUTOS = YES_AGGRESSIVE;
				GCC_WARN_UNUSED_FUNCTION = YES;
				GCC_WARN_UNUSED_VARIABLE = YES;
				MACOSX_DEPLOYMENT_TARGET = 10.11;
				MTL_ENABLE_DEBUG_INFO = NO;
				SDKROOT = macosx;
			};
			name = Release;
		};
		2F0CE3CE1CA4358B00B1FF51 /* Debug */ = {
			isa = XCBuildConfiguration;
			buildSettings = {
				ASSETCATALOG_COMPILER_APPICON_NAME = AppIcon;
				COMBINE_HIDPI_IMAGES = YES;
				INFOPLIST_FILE = ZIPspector/Info.plist;
				LD_RUNPATH_SEARCH_PATHS = "$(inherited) @executable_path/../Frameworks";
				PRODUCT_BUNDLE_IDENTIFIER = youku.ZIPspector;
				PRODUCT_NAME = "$(TARGET_NAME)";
			};
			name = Debug;
		};
		2F0CE3CF1CA4358B00B1FF51 /* Release */ = {
			isa = XCBuildConfiguration;
			buildSettings = {
				ASSETCATALOG_COMPILER_APPICON_NAME = AppIcon;
				COMBINE_HIDPI_IMAGES = YES;
				INFOPLIST_FILE = ZIPspector/Info.plist;
				LD_RUNPATH_SEARCH_PATHS = "$(inherited) @executable_path/../Frameworks";
				PRODUCT_BUNDLE_IDENTIFIER = youku.ZIPspector;
				PRODUCT_NAME = "$(TARGET_NAME)";
			};
			name = Release;
		};
/* End XCBuildConfiguration section */

/* Begin XCConfigurationList section */
		2F0CE3B11CA4358B00B1FF51 /* Build configuration list for PBXProject "ZIPspector" */ = {
			isa = XCConfigurationList;
			buildConfigurations = (
				2F0CE3CB1CA4358B00B1FF51 /* Debug */,
				2F0CE3CC1CA4358B00B1FF51 /* Release */,
			);
			defaultConfigurationIsVisible = 0;
			defaultConfigurationName = Release;
		};
		2F0CE3CD1CA4358B00B1FF51 /* Build configuration list for PBXNativeTarget "ZIPspector" */ = {
			isa = XCConfigurationList;
			buildConfigurations = (
				2F0CE3CE1CA4358B00B1FF51 /* Debug */,
				2F0CE3CF1CA4358B00B1FF51 /* Release */,
			);
			defaultConfigurationIsVisible = 0;
		};
/* End XCConfigurationList section */
	};
	rootObject = 2F0CE3AE1CA4358B00B1FF51 /* Project object */;
}
