// !$*UTF8*$!
{
	archiveVersion = 1;
	classes = {
	};
	objectVersion = 46;
	objects = {

/* Begin PBXBuildFile section */
		2F4EAA5D1BB37FD60027B67A /* RMAppDelegate.m in Sources */ = {isa = PBXBuildFile; fileRef = 2F4EAA5C1BB37FD60027B67A /* RMAppDelegate.m */; };
		2F4EAA601BB37FD60027B67A /* main.m in Sources */ = {isa = PBXBuildFile; fileRef = 2F4EAA5F1BB37FD60027B67A /* main.m */; };
		2F4EAA631BB37FD60027B67A /* RMDocument.m in Sources */ = {isa = PBXBuildFile; fileRef = 2F4EAA621BB37FD60027B67A /* RMDocument.m */; };
		2F4EAA661BB37FD60027B67A /* RMDocument.xib in Resources */ = {isa = PBXBuildFile; fileRef = 2F4EAA641BB37FD60027B67A /* RMDocument.xib */; };
		2F4EAA681BB37FD60027B67A /* Assets.xcassets in Resources */ = {isa = PBXBuildFile; fileRef = 2F4EAA671BB37FD60027B67A /* Assets.xcassets */; };
		2F4EAA6B1BB37FD60027B67A /* MainMenu.xib in Resources */ = {isa = PBXBuildFile; fileRef = 2F4EAA691BB37FD60027B67A /* MainMenu.xib */; };
/* End PBXBuildFile section */

/* Begin PBXFileReference section */
		2F4EAA581BB37FD60027B67A /* RaiseMan.app */ = {isa = PBXFileReference; explicitFileType = wrapper.application; includeInIndex = 0; path = RaiseMan.app; sourceTree = BUILT_PRODUCTS_DIR; };
		2F4EAA5B1BB37FD60027B67A /* RMAppDelegate.h */ = {isa = PBXFileReference; lastKnownFileType = sourcecode.c.h; path = RMAppDelegate.h; sourceTree = "<group>"; };
		2F4EAA5C1BB37FD60027B67A /* RMAppDelegate.m */ = {isa = PBXFileReference; lastKnownFileType = sourcecode.c.objc; path = RMAppDelegate.m; sourceTree = "<group>"; };
		2F4EAA5F1BB37FD60027B67A /* main.m */ = {isa = PBXFileReference; lastKnownFileType = sourcecode.c.objc; path = main.m; sourceTree = "<group>"; };
		2F4EAA611BB37FD60027B67A /* RMDocument.h */ = {isa = PBXFileReference; lastKnownFileType = sourcecode.c.h; path = RMDocument.h; sourceTree = "<group>"; };
		2F4EAA621BB37FD60027B67A /* RMDocument.m */ = {isa = PBXFileReference; lastKnownFileType = sourcecode.c.objc; path = RMDocument.m; sourceTree = "<group>"; };
		2F4EAA651BB37FD60027B67A /* Base */ = {isa = PBXFileReference; lastKnownFileType = file.xib; name = Base; path = Base.lproj/RMDocument.xib; sourceTree = "<group>"; };
		2F4EAA671BB37FD60027B67A /* Assets.xcassets */ = {isa = PBXFileReference; lastKnownFileType = folder.assetcatalog; path = Assets.xcassets; sourceTree = "<group>"; };
		2F4EAA6A1BB37FD60027B67A /* Base */ = {isa = PBXFileReference; lastKnownFileType = file.xib; name = Base; path = Base.lproj/MainMenu.xib; sourceTree = "<group>"; };
		2F4EAA6C1BB37FD60027B67A /* Info.plist */ = {isa = PBXFileReference; lastKnownFileType = text.plist.xml; path = Info.plist; sourceTree = "<group>"; };
/* End PBXFileReference section */

/* Begin PBXFrameworksBuildPhase section */
		2F4EAA551BB37FD60027B67A /* Frameworks */ = {
			isa = PBXFrameworksBuildPhase;
			buildActionMask = 2147483647;
			files = (
			);
			runOnlyForDeploymentPostprocessing = 0;
		};
/* End PBXFrameworksBuildPhase section */

/* Begin PBXGroup section */
		2F4EAA4F1BB37FD60027B67A = {
			isa = PBXGroup;
			children = (
				2F4EAA5A1BB37FD60027B67A /* RaiseMan */,
				2F4EAA591BB37FD60027B67A /* Products */,
			);
			sourceTree = "<group>";
		};
		2F4EAA591BB37FD60027B67A /* Products */ = {
			isa = PBXGroup;
			children = (
				2F4EAA581BB37FD60027B67A /* RaiseMan.app */,
			);
			name = Products;
			sourceTree = "<group>";
		};
		2F4EAA5A1BB37FD60027B67A /* RaiseMan */ = {
			isa = PBXGroup;
			children = (
				2F4EAA5B1BB37FD60027B67A /* RMAppDelegate.h */,
				2F4EAA5C1BB37FD60027B67A /* RMAppDelegate.m */,
				2F4EAA611BB37FD60027B67A /* RMDocument.h */,
				2F4EAA621BB37FD60027B67A /* RMDocument.m */,
				2F4EAA641BB37FD60027B67A /* RMDocument.xib */,
				2F4EAA671BB37FD60027B67A /* Assets.xcassets */,
				2F4EAA691BB37FD60027B67A /* MainMenu.xib */,
				2F4EAA6C1BB37FD60027B67A /* Info.plist */,
				2F4EAA5E1BB37FD60027B67A /* Supporting Files */,
			);
			path = RaiseMan;
			sourceTree = "<group>";
		};
		2F4EAA5E1BB37FD60027B67A /* Supporting Files */ = {
			isa = PBXGroup;
			children = (
				2F4EAA5F1BB37FD60027B67A /* main.m */,
			);
			name = "Supporting Files";
			sourceTree = "<group>";
		};
/* End PBXGroup section */

/* Begin PBXNativeTarget section */
		2F4EAA571BB37FD60027B67A /* RaiseMan */ = {
			isa = PBXNativeTarget;
			buildConfigurationList = 2F4EAA6F1BB37FD60027B67A /* Build configuration list for PBXNativeTarget "RaiseMan" */;
			buildPhases = (
				2F4EAA541BB37FD60027B67A /* Sources */,
				2F4EAA551BB37FD60027B67A /* Frameworks */,
				2F4EAA561BB37FD60027B67A /* Resources */,
			);
			buildRules = (
			);
			dependencies = (
			);
			name = RaiseMan;
			productName = RaiseMan;
			productReference = 2F4EAA581BB37FD60027B67A /* RaiseMan.app */;
			productType = "com.apple.product-type.application";
		};
/* End PBXNativeTarget section */

/* Begin PBXProject section */
		2F4EAA501BB37FD60027B67A /* Project object */ = {
			isa = PBXProject;
			attributes = {
				LastUpgradeCheck = 0700;
				ORGANIZATIONNAME = my.company;
				TargetAttributes = {
					2F4EAA571BB37FD60027B67A = {
						CreatedOnToolsVersion = 7.0;
					};
				};
			};
			buildConfigurationList = 2F4EAA531BB37FD60027B67A /* Build configuration list for PBXProject "RaiseMan" */;
			compatibilityVersion = "Xcode 3.2";
			developmentRegion = English;
			hasScannedForEncodings = 0;
			knownRegions = (
				en,
				Base,
			);
			mainGroup = 2F4EAA4F1BB37FD60027B67A;
			productRefGroup = 2F4EAA591BB37FD60027B67A /* Products */;
			projectDirPath = "";
			projectRoot = "";
			targets = (
				2F4EAA571BB37FD60027B67A /* RaiseMan */,
			);
		};
/* End PBXProject section */

/* Begin PBXResourcesBuildPhase section */
		2F4EAA561BB37FD60027B67A /* Resources */ = {
			isa = PBXResourcesBuildPhase;
			buildActionMask = 2147483647;
			files = (
				2F4EAA681BB37FD60027B67A /* Assets.xcassets in Resources */,
				2F4EAA661BB37FD60027B67A /* RMDocument.xib in Resources */,
				2F4EAA6B1BB37FD60027B67A /* MainMenu.xib in Resources */,
			);
			runOnlyForDeploymentPostprocessing = 0;
		};
/* End PBXResourcesBuildPhase section */

/* Begin PBXSourcesBuildPhase section */
		2F4EAA541BB37FD60027B67A /* Sources */ = {
			isa = PBXSourcesBuildPhase;
			buildActionMask = 2147483647;
			files = (
				2F4EAA631BB37FD60027B67A /* RMDocument.m in Sources */,
				2F4EAA601BB37FD60027B67A /* main.m in Sources */,
				2F4EAA5D1BB37FD60027B67A /* RMAppDelegate.m in Sources */,
			);
			runOnlyForDeploymentPostprocessing = 0;
		};
/* End PBXSourcesBuildPhase section */

/* Begin PBXVariantGroup section */
		2F4EAA641BB37FD60027B67A /* RMDocument.xib */ = {
			isa = PBXVariantGroup;
			children = (
				2F4EAA651BB37FD60027B67A /* Base */,
			);
			name = RMDocument.xib;
			sourceTree = "<group>";
		};
		2F4EAA691BB37FD60027B67A /* MainMenu.xib */ = {
			isa = PBXVariantGroup;
			children = (
				2F4EAA6A1BB37FD60027B67A /* Base */,
			);
			name = MainMenu.xib;
			sourceTree = "<group>";
		};
/* End PBXVariantGroup section */

/* Begin XCBuildConfiguration section */
		2F4EAA6D1BB37FD60027B67A /* Debug */ = {
			isa = XCBuildConfiguration;
			buildSettings = {
				ALWAYS_SEARCH_USER_PATHS = NO;
				CLANG_CXX_LANGUAGE_STANDARD = "gnu++0x";
				CLANG_CXX_LIBRARY = "libc++";
				CLANG_ENABLE_MODULES = YES;
				CLANG_ENABLE_OBJC_ARC = YES;
				CLANG_WARN_BOOL_CONVERSION = YES;
				CLANG_WARN_CONSTANT_CONVERSION = YES;
				CLANG_WARN_DIRECT_OBJC_ISA_USAGE = YES_ERROR;
				CLANG_WARN_EMPTY_BODY = YES;
				CLANG_WARN_ENUM_CONVERSION = YES;
				CLANG_WARN_INT_CONVERSION = YES;
				CLANG_WARN_OBJC_ROOT_CLASS = YES_ERROR;
				CLANG_WARN_UNREACHABLE_CODE = YES;
				CLANG_WARN__DUPLICATE_METHOD_MATCH = YES;
				CODE_SIGN_IDENTITY = "-";
				COPY_PHASE_STRIP = NO;
				DEBUG_INFORMATION_FORMAT = dwarf;
				ENABLE_STRICT_OBJC_MSGSEND = YES;
				ENABLE_TESTABILITY = YES;
				GCC_C_LANGUAGE_STANDARD = gnu99;
				GCC_DYNAMIC_NO_PIC = NO;
				GCC_NO_COMMON_BLOCKS = YES;
				GCC_OPTIMIZATION_LEVEL = 0;
				GCC_PREPROCESSOR_DEFINITIONS = (
					"DEBUG=1",
					"$(inherited)",
				);
				GCC_WARN_64_TO_32_BIT_CONVERSION = YES;
				GCC_WARN_ABOUT_RETURN_TYPE = YES_ERROR;
				GCC_WARN_UNDECLARED_SELECTOR = YES;
				GCC_WARN_UNINITIALIZED_AUTOS = YES_AGGRESSIVE;
				GCC_WARN_UNUSED_FUNCTION = YES;
				GCC_WARN_UNUSED_VARIABLE = YES;
				MACOSX_DEPLOYMENT_TARGET = 10.10;
				MTL_ENABLE_DEBUG_INFO = YES;
				ONLY_ACTIVE_ARCH = YES;
				SDKROOT = macosx;
			};
			name = Debug;
		};
		2F4EAA6E1BB37FD60027B67A /* Release */ = {
			isa = XCBuildConfiguration;
			buildSettings = {
				ALWAYS_SEARCH_USER_PATHS = NO;
				CLANG_CXX_LANGUAGE_STANDARD = "gnu++0x";
				CLANG_CXX_LIBRARY = "libc++";
				CLANG_ENABLE_MODULES = YES;
				CLANG_ENABLE_OBJC_ARC = YES;
				CLANG_WARN_BOOL_CONVERSION = YES;
				CLANG_WARN_CONSTANT_CONVERSION = YES;
				CLANG_WARN_DIRECT_OBJC_ISA_USAGE = YES_ERROR;
				CLANG_WARN_EMPTY_BODY = YES;
				CLANG_WARN_ENUM_CONVERSION = YES;
				CLANG_WARN_INT_CONVERSION = YES;
				CLANG_WARN_OBJC_ROOT_CLASS = YES_ERROR;
				CLANG_WARN_UNREACHABLE_CODE = YES;
				CLANG_WARN__DUPLICATE_METHOD_MATCH = YES;
				CODE_SIGN_IDENTITY = "-";
				COPY_PHASE_STRIP = NO;
				DEBUG_INFORMATION_FORMAT = "dwarf-with-dsym";
				ENABLE_NS_ASSERTIONS = NO;
				ENABLE_STRICT_OBJC_MSGSEND = YES;
				GCC_C_LANGUAGE_STANDARD = gnu99;
				GCC_NO_COMMON_BLOCKS = YES;
				GCC_WARN_64_TO_32_BIT_CONVERSION = YES;
				GCC_WARN_ABOUT_RETURN_TYPE = YES_ERROR;
				GCC_WARN_UNDECLARED_SELECTOR = YES;
				GCC_WARN_UNINITIALIZED_AUTOS = YES_AGGRESSIVE;
				GCC_WARN_UNUSED_FUNCTION = YES;
				GCC_WARN_UNUSED_VARIABLE = YES;
				MACOSX_DEPLOYMENT_TARGET = 10.10;
				MTL_ENABLE_DEBUG_INFO = NO;
				SDKROOT = macosx;
			};
			name = Release;
		};
		2F4EAA701BB37FD60027B67A /* Debug */ = {
			isa = XCBuildConfiguration;
			buildSettings = {
				ASSETCATALOG_COMPILER_APPICON_NAME = AppIcon;
				COMBINE_HIDPI_IMAGES = YES;
				INFOPLIST_FILE = RaiseMan/Info.plist;
				LD_RUNPATH_SEARCH_PATHS = "$(inherited) @executable_path/../Frameworks";
				PRODUCT_BUNDLE_IDENTIFIER = youku.RaiseMan;
				PRODUCT_NAME = "$(TARGET_NAME)";
			};
			name = Debug;
		};
		2F4EAA711BB37FD60027B67A /* Release */ = {
			isa = XCBuildConfiguration;
			buildSettings = {
				ASSETCATALOG_COMPILER_APPICON_NAME = AppIcon;
				COMBINE_HIDPI_IMAGES = YES;
				INFOPLIST_FILE = RaiseMan/Info.plist;
				LD_RUNPATH_SEARCH_PATHS = "$(inherited) @executable_path/../Frameworks";
				PRODUCT_BUNDLE_IDENTIFIER = youku.RaiseMan;
				PRODUCT_NAME = "$(TARGET_NAME)";
			};
			name = Release;
		};
/* End XCBuildConfiguration section */

/* Begin XCConfigurationList section */
		2F4EAA531BB37FD60027B67A /* Build configuration list for PBXProject "RaiseMan" */ = {
			isa = XCConfigurationList;
			buildConfigurations = (
				2F4EAA6D1BB37FD60027B67A /* Debug */,
				2F4EAA6E1BB37FD60027B67A /* Release */,
			);
			defaultConfigurationIsVisible = 0;
			defaultConfigurationName = Release;
		};
		2F4EAA6F1BB37FD60027B67A /* Build configuration list for PBXNativeTarget "RaiseMan" */ = {
			isa = XCConfigurationList;
			buildConfigurations = (
				2F4EAA701BB37FD60027B67A /* Debug */,
				2F4EAA711BB37FD60027B67A /* Release */,
			);
			defaultConfigurationIsVisible = 0;
		};
/* End XCConfigurationList section */
	};
	rootObject = 2F4EAA501BB37FD60027B67A /* Project object */;
}
