// !$*UTF8*$!
{
	archiveVersion = 1;
	classes = {
	};
	objectVersion = 46;
	objects = {

/* Begin PBXBuildFile section */
		2F0C6DA61BE916BA00E781A3 /* AppDelegate.m in Sources */ = {isa = PBXBuildFile; fileRef = 2F0C6DA51BE916BA00E781A3 /* AppDelegate.m */; };
		2F0C6DA91BE916BA00E781A3 /* main.m in Sources */ = {isa = PBXBuildFile; fileRef = 2F0C6DA81BE916BA00E781A3 /* main.m */; };
		2F0C6DAC1BE916BA00E781A3 /* DrawingFun.xcdatamodeld in Sources */ = {isa = PBXBuildFile; fileRef = 2F0C6DAA1BE916BA00E781A3 /* DrawingFun.xcdatamodeld */; };
		2F0C6DAE1BE916BA00E781A3 /* Assets.xcassets in Resources */ = {isa = PBXBuildFile; fileRef = 2F0C6DAD1BE916BA00E781A3 /* Assets.xcassets */; };
		2F0C6DB11BE916BA00E781A3 /* MainMenu.xib in Resources */ = {isa = PBXBuildFile; fileRef = 2F0C6DAF1BE916BA00E781A3 /* MainMenu.xib */; };
		2F0C6DBC1BE916BA00E781A3 /* DrawingFunTests.m in Sources */ = {isa = PBXBuildFile; fileRef = 2F0C6DBB1BE916BA00E781A3 /* DrawingFunTests.m */; };
		2F0C6DC81BE9171B00E781A3 /* StretchView.m in Sources */ = {isa = PBXBuildFile; fileRef = 2F0C6DC71BE9171B00E781A3 /* StretchView.m */; };
/* End PBXBuildFile section */

/* Begin PBXContainerItemProxy section */
		2F0C6DB81BE916BA00E781A3 /* PBXContainerItemProxy */ = {
			isa = PBXContainerItemProxy;
			containerPortal = 2F0C6D991BE916B900E781A3 /* Project object */;
			proxyType = 1;
			remoteGlobalIDString = 2F0C6DA01BE916BA00E781A3;
			remoteInfo = DrawingFun;
		};
/* End PBXContainerItemProxy section */

/* Begin PBXFileReference section */
		2F0C6DA11BE916BA00E781A3 /* DrawingFun.app */ = {isa = PBXFileReference; explicitFileType = wrapper.application; includeInIndex = 0; path = DrawingFun.app; sourceTree = BUILT_PRODUCTS_DIR; };
		2F0C6DA41BE916BA00E781A3 /* AppDelegate.h */ = {isa = PBXFileReference; lastKnownFileType = sourcecode.c.h; path = AppDelegate.h; sourceTree = "<group>"; };
		2F0C6DA51BE916BA00E781A3 /* AppDelegate.m */ = {isa = PBXFileReference; lastKnownFileType = sourcecode.c.objc; path = AppDelegate.m; sourceTree = "<group>"; };
		2F0C6DA81BE916BA00E781A3 /* main.m */ = {isa = PBXFileReference; lastKnownFileType = sourcecode.c.objc; path = main.m; sourceTree = "<group>"; };
		2F0C6DAB1BE916BA00E781A3 /* DrawingFun.xcdatamodel */ = {isa = PBXFileReference; lastKnownFileType = wrapper.xcdatamodel; path = DrawingFun.xcdatamodel; sourceTree = "<group>"; };
		2F0C6DAD1BE916BA00E781A3 /* Assets.xcassets */ = {isa = PBXFileReference; lastKnownFileType = folder.assetcatalog; path = Assets.xcassets; sourceTree = "<group>"; };
		2F0C6DB01BE916BA00E781A3 /* Base */ = {isa = PBXFileReference; lastKnownFileType = file.xib; name = Base; path = Base.lproj/MainMenu.xib; sourceTree = "<group>"; };
		2F0C6DB21BE916BA00E781A3 /* Info.plist */ = {isa = PBXFileReference; lastKnownFileType = text.plist.xml; path = Info.plist; sourceTree = "<group>"; };
		2F0C6DB71BE916BA00E781A3 /* DrawingFunTests.xctest */ = {isa = PBXFileReference; explicitFileType = wrapper.cfbundle; includeInIndex = 0; path = DrawingFunTests.xctest; sourceTree = BUILT_PRODUCTS_DIR; };
		2F0C6DBB1BE916BA00E781A3 /* DrawingFunTests.m */ = {isa = PBXFileReference; lastKnownFileType = sourcecode.c.objc; path = DrawingFunTests.m; sourceTree = "<group>"; };
		2F0C6DBD1BE916BA00E781A3 /* Info.plist */ = {isa = PBXFileReference; lastKnownFileType = text.plist.xml; path = Info.plist; sourceTree = "<group>"; };
		2F0C6DC61BE9171B00E781A3 /* StretchView.h */ = {isa = PBXFileReference; fileEncoding = 4; lastKnownFileType = sourcecode.c.h; name = StretchView.h; path = ../StretchView.h; sourceTree = "<group>"; };
		2F0C6DC71BE9171B00E781A3 /* StretchView.m */ = {isa = PBXFileReference; fileEncoding = 4; lastKnownFileType = sourcecode.c.objc; name = StretchView.m; path = ../StretchView.m; sourceTree = "<group>"; };
/* End PBXFileReference section */

/* Begin PBXFrameworksBuildPhase section */
		2F0C6D9E1BE916BA00E781A3 /* Frameworks */ = {
			isa = PBXFrameworksBuildPhase;
			buildActionMask = 2147483647;
			files = (
			);
			runOnlyForDeploymentPostprocessing = 0;
		};
		2F0C6DB41BE916BA00E781A3 /* Frameworks */ = {
			isa = PBXFrameworksBuildPhase;
			buildActionMask = 2147483647;
			files = (
			);
			runOnlyForDeploymentPostprocessing = 0;
		};
/* End PBXFrameworksBuildPhase section */

/* Begin PBXGroup section */
		2F0C6D981BE916B900E781A3 = {
			isa = PBXGroup;
			children = (
				2F0C6DA31BE916BA00E781A3 /* DrawingFun */,
				2F0C6DBA1BE916BA00E781A3 /* DrawingFunTests */,
				2F0C6DA21BE916BA00E781A3 /* Products */,
			);
			sourceTree = "<group>";
		};
		2F0C6DA21BE916BA00E781A3 /* Products */ = {
			isa = PBXGroup;
			children = (
				2F0C6DA11BE916BA00E781A3 /* DrawingFun.app */,
				2F0C6DB71BE916BA00E781A3 /* DrawingFunTests.xctest */,
			);
			name = Products;
			sourceTree = "<group>";
		};
		2F0C6DA31BE916BA00E781A3 /* DrawingFun */ = {
			isa = PBXGroup;
			children = (
				2F0C6DA41BE916BA00E781A3 /* AppDelegate.h */,
				2F0C6DA51BE916BA00E781A3 /* AppDelegate.m */,
				2F0C6DC61BE9171B00E781A3 /* StretchView.h */,
				2F0C6DC71BE9171B00E781A3 /* StretchView.m */,
				2F0C6DAD1BE916BA00E781A3 /* Assets.xcassets */,
				2F0C6DAF1BE916BA00E781A3 /* MainMenu.xib */,
				2F0C6DB21BE916BA00E781A3 /* Info.plist */,
				2F0C6DAA1BE916BA00E781A3 /* DrawingFun.xcdatamodeld */,
				2F0C6DA71BE916BA00E781A3 /* Supporting Files */,
			);
			path = DrawingFun;
			sourceTree = "<group>";
		};
		2F0C6DA71BE916BA00E781A3 /* Supporting Files */ = {
			isa = PBXGroup;
			children = (
				2F0C6DA81BE916BA00E781A3 /* main.m */,
			);
			name = "Supporting Files";
			sourceTree = "<group>";
		};
		2F0C6DBA1BE916BA00E781A3 /* DrawingFunTests */ = {
			isa = PBXGroup;
			children = (
				2F0C6DBB1BE916BA00E781A3 /* DrawingFunTests.m */,
				2F0C6DBD1BE916BA00E781A3 /* Info.plist */,
			);
			path = DrawingFunTests;
			sourceTree = "<group>";
		};
/* End PBXGroup section */

/* Begin PBXNativeTarget section */
		2F0C6DA01BE916BA00E781A3 /* DrawingFun */ = {
			isa = PBXNativeTarget;
			buildConfigurationList = 2F0C6DC01BE916BA00E781A3 /* Build configuration list for PBXNativeTarget "DrawingFun" */;
			buildPhases = (
				2F0C6D9D1BE916BA00E781A3 /* Sources */,
				2F0C6D9E1BE916BA00E781A3 /* Frameworks */,
				2F0C6D9F1BE916BA00E781A3 /* Resources */,
			);
			buildRules = (
			);
			dependencies = (
			);
			name = DrawingFun;
			productName = DrawingFun;
			productReference = 2F0C6DA11BE916BA00E781A3 /* DrawingFun.app */;
			productType = "com.apple.product-type.application";
		};
		2F0C6DB61BE916BA00E781A3 /* DrawingFunTests */ = {
			isa = PBXNativeTarget;
			buildConfigurationList = 2F0C6DC31BE916BA00E781A3 /* Build configuration list for PBXNativeTarget "DrawingFunTests" */;
			buildPhases = (
				2F0C6DB31BE916BA00E781A3 /* Sources */,
				2F0C6DB41BE916BA00E781A3 /* Frameworks */,
				2F0C6DB51BE916BA00E781A3 /* Resources */,
			);
			buildRules = (
			);
			dependencies = (
				2F0C6DB91BE916BA00E781A3 /* PBXTargetDependency */,
			);
			name = DrawingFunTests;
			productName = DrawingFunTests;
			productReference = 2F0C6DB71BE916BA00E781A3 /* DrawingFunTests.xctest */;
			productType = "com.apple.product-type.bundle.unit-test";
		};
/* End PBXNativeTarget section */

/* Begin PBXProject section */
		2F0C6D991BE916B900E781A3 /* Project object */ = {
			isa = PBXProject;
			attributes = {
				LastUpgradeCheck = 0710;
				ORGANIZATIONNAME = my.company;
				TargetAttributes = {
					2F0C6DA01BE916BA00E781A3 = {
						CreatedOnToolsVersion = 7.1;
					};
					2F0C6DB61BE916BA00E781A3 = {
						CreatedOnToolsVersion = 7.1;
						TestTargetID = 2F0C6DA01BE916BA00E781A3;
					};
				};
			};
			buildConfigurationList = 2F0C6D9C1BE916B900E781A3 /* Build configuration list for PBXProject "DrawingFun" */;
			compatibilityVersion = "Xcode 3.2";
			developmentRegion = English;
			hasScannedForEncodings = 0;
			knownRegions = (
				en,
				Base,
			);
			mainGroup = 2F0C6D981BE916B900E781A3;
			productRefGroup = 2F0C6DA21BE916BA00E781A3 /* Products */;
			projectDirPath = "";
			projectRoot = "";
			targets = (
				2F0C6DA01BE916BA00E781A3 /* DrawingFun */,
				2F0C6DB61BE916BA00E781A3 /* DrawingFunTests */,
			);
		};
/* End PBXProject section */

/* Begin PBXResourcesBuildPhase section */
		2F0C6D9F1BE916BA00E781A3 /* Resources */ = {
			isa = PBXResourcesBuildPhase;
			buildActionMask = 2147483647;
			files = (
				2F0C6DAE1BE916BA00E781A3 /* Assets.xcassets in Resources */,
				2F0C6DB11BE916BA00E781A3 /* MainMenu.xib in Resources */,
			);
			runOnlyForDeploymentPostprocessing = 0;
		};
		2F0C6DB51BE916BA00E781A3 /* Resources */ = {
			isa = PBXResourcesBuildPhase;
			buildActionMask = 2147483647;
			files = (
			);
			runOnlyForDeploymentPostprocessing = 0;
		};
/* End PBXResourcesBuildPhase section */

/* Begin PBXSourcesBuildPhase section */
		2F0C6D9D1BE916BA00E781A3 /* Sources */ = {
			isa = PBXSourcesBuildPhase;
			buildActionMask = 2147483647;
			files = (
				2F0C6DC81BE9171B00E781A3 /* StretchView.m in Sources */,
				2F0C6DAC1BE916BA00E781A3 /* DrawingFun.xcdatamodeld in Sources */,
				2F0C6DA91BE916BA00E781A3 /* main.m in Sources */,
				2F0C6DA61BE916BA00E781A3 /* AppDelegate.m in Sources */,
			);
			runOnlyForDeploymentPostprocessing = 0;
		};
		2F0C6DB31BE916BA00E781A3 /* Sources */ = {
			isa = PBXSourcesBuildPhase;
			buildActionMask = 2147483647;
			files = (
				2F0C6DBC1BE916BA00E781A3 /* DrawingFunTests.m in Sources */,
			);
			runOnlyForDeploymentPostprocessing = 0;
		};
/* End PBXSourcesBuildPhase section */

/* Begin PBXTargetDependency section */
		2F0C6DB91BE916BA00E781A3 /* PBXTargetDependency */ = {
			isa = PBXTargetDependency;
			target = 2F0C6DA01BE916BA00E781A3 /* DrawingFun */;
			targetProxy = 2F0C6DB81BE916BA00E781A3 /* PBXContainerItemProxy */;
		};
/* End PBXTargetDependency section */

/* Begin PBXVariantGroup section */
		2F0C6DAF1BE916BA00E781A3 /* MainMenu.xib */ = {
			isa = PBXVariantGroup;
			children = (
				2F0C6DB01BE916BA00E781A3 /* Base */,
			);
			name = MainMenu.xib;
			sourceTree = "<group>";
		};
/* End PBXVariantGroup section */

/* Begin XCBuildConfiguration section */
		2F0C6DBE1BE916BA00E781A3 /* Debug */ = {
			isa = XCBuildConfiguration;
			buildSettings = {
				ALWAYS_SEARCH_USER_PATHS = NO;
				CLANG_CXX_LANGUAGE_STANDARD = "gnu++0x";
				CLANG_CXX_LIBRARY = "libc++";
				CLANG_ENABLE_MODULES = YES;
				CLANG_ENABLE_OBJC_ARC = YES;
				CLANG_WARN_BOOL_CONVERSION = YES;
				CLANG_WARN_CONSTANT_CONVERSION = YES;
				CLANG_WARN_DIRECT_OBJC_ISA_USAGE = YES_ERROR;
				CLANG_WARN_EMPTY_BODY = YES;
				CLANG_WARN_ENUM_CONVERSION = YES;
				CLANG_WARN_INT_CONVERSION = YES;
				CLANG_WARN_OBJC_ROOT_CLASS = YES_ERROR;
				CLANG_WARN_UNREACHABLE_CODE = YES;
				CLANG_WARN__DUPLICATE_METHOD_MATCH = YES;
				CODE_SIGN_IDENTITY = "-";
				COPY_PHASE_STRIP = NO;
				DEBUG_INFORMATION_FORMAT = dwarf;
				ENABLE_STRICT_OBJC_MSGSEND = YES;
				ENABLE_TESTABILITY = YES;
				GCC_C_LANGUAGE_STANDARD = gnu99;
				GCC_DYNAMIC_NO_PIC = NO;
				GCC_NO_COMMON_BLOCKS = YES;
				GCC_OPTIMIZATION_LEVEL = 0;
				GCC_PREPROCESSOR_DEFINITIONS = (
					"DEBUG=1",
					"$(inherited)",
				);
				GCC_WARN_64_TO_32_BIT_CONVERSION = YES;
				GCC_WARN_ABOUT_RETURN_TYPE = YES_ERROR;
				GCC_WARN_UNDECLARED_SELECTOR = YES;
				GCC_WARN_UNINITIALIZED_AUTOS = YES_AGGRESSIVE;
				GCC_WARN_UNUSED_FUNCTION = YES;
				GCC_WARN_UNUSED_VARIABLE = YES;
				MACOSX_DEPLOYMENT_TARGET = 10.11;
				MTL_ENABLE_DEBUG_INFO = YES;
				ONLY_ACTIVE_ARCH = YES;
				SDKROOT = macosx;
			};
			name = Debug;
		};
		2F0C6DBF1BE916BA00E781A3 /* Release */ = {
			isa = XCBuildConfiguration;
			buildSettings = {
				ALWAYS_SEARCH_USER_PATHS = NO;
				CLANG_CXX_LANGUAGE_STANDARD = "gnu++0x";
				CLANG_CXX_LIBRARY = "libc++";
				CLANG_ENABLE_MODULES = YES;
				CLANG_ENABLE_OBJC_ARC = YES;
				CLANG_WARN_BOOL_CONVERSION = YES;
				CLANG_WARN_CONSTANT_CONVERSION = YES;
				CLANG_WARN_DIRECT_OBJC_ISA_USAGE = YES_ERROR;
				CLANG_WARN_EMPTY_BODY = YES;
				CLANG_WARN_ENUM_CONVERSION = YES;
				CLANG_WARN_INT_CONVERSION = YES;
				CLANG_WARN_OBJC_ROOT_CLASS = YES_ERROR;
				CLANG_WARN_UNREACHABLE_CODE = YES;
				CLANG_WARN__DUPLICATE_METHOD_MATCH = YES;
				CODE_SIGN_IDENTITY = "-";
				COPY_PHASE_STRIP = NO;
				DEBUG_INFORMATION_FORMAT = "dwarf-with-dsym";
				ENABLE_NS_ASSERTIONS = NO;
				ENABLE_STRICT_OBJC_MSGSEND = YES;
				GCC_C_LANGUAGE_STANDARD = gnu99;
				GCC_NO_COMMON_BLOCKS = YES;
				GCC_WARN_64_TO_32_BIT_CONVERSION = YES;
				GCC_WARN_ABOUT_RETURN_TYPE = YES_ERROR;
				GCC_WARN_UNDECLARED_SELECTOR = YES;
				GCC_WARN_UNINITIALIZED_AUTOS = YES_AGGRESSIVE;
				GCC_WARN_UNUSED_FUNCTION = YES;
				GCC_WARN_UNUSED_VARIABLE = YES;
				MACOSX_DEPLOYMENT_TARGET = 10.11;
				MTL_ENABLE_DEBUG_INFO = NO;
				SDKROOT = macosx;
			};
			name = Release;
		};
		2F0C6DC11BE916BA00E781A3 /* Debug */ = {
			isa = XCBuildConfiguration;
			buildSettings = {
				ASSETCATALOG_COMPILER_APPICON_NAME = AppIcon;
				COMBINE_HIDPI_IMAGES = YES;
				INFOPLIST_FILE = DrawingFun/Info.plist;
				LD_RUNPATH_SEARCH_PATHS = "$(inherited) @executable_path/../Frameworks";
				PRODUCT_BUNDLE_IDENTIFIER = youku.DrawingFun;
				PRODUCT_NAME = "$(TARGET_NAME)";
			};
			name = Debug;
		};
		2F0C6DC21BE916BA00E781A3 /* Release */ = {
			isa = XCBuildConfiguration;
			buildSettings = {
				ASSETCATALOG_COMPILER_APPICON_NAME = AppIcon;
				COMBINE_HIDPI_IMAGES = YES;
				INFOPLIST_FILE = DrawingFun/Info.plist;
				LD_RUNPATH_SEARCH_PATHS = "$(inherited) @executable_path/../Frameworks";
				PRODUCT_BUNDLE_IDENTIFIER = youku.DrawingFun;
				PRODUCT_NAME = "$(TARGET_NAME)";
			};
			name = Release;
		};
		2F0C6DC41BE916BA00E781A3 /* Debug */ = {
			isa = XCBuildConfiguration;
			buildSettings = {
				BUNDLE_LOADER = "$(TEST_HOST)";
				COMBINE_HIDPI_IMAGES = YES;
				INFOPLIST_FILE = DrawingFunTests/Info.plist;
				LD_RUNPATH_SEARCH_PATHS = "$(inherited) @executable_path/../Frameworks @loader_path/../Frameworks";
				PRODUCT_BUNDLE_IDENTIFIER = youku.DrawingFunTests;
				PRODUCT_NAME = "$(TARGET_NAME)";
				TEST_HOST = "$(BUILT_PRODUCTS_DIR)/DrawingFun.app/Contents/MacOS/DrawingFun";
			};
			name = Debug;
		};
		2F0C6DC51BE916BA00E781A3 /* Release */ = {
			isa = XCBuildConfiguration;
			buildSettings = {
				BUNDLE_LOADER = "$(TEST_HOST)";
				COMBINE_HIDPI_IMAGES = YES;
				INFOPLIST_FILE = DrawingFunTests/Info.plist;
				LD_RUNPATH_SEARCH_PATHS = "$(inherited) @executable_path/../Frameworks @loader_path/../Frameworks";
				PRODUCT_BUNDLE_IDENTIFIER = youku.DrawingFunTests;
				PRODUCT_NAME = "$(TARGET_NAME)";
				TEST_HOST = "$(BUILT_PRODUCTS_DIR)/DrawingFun.app/Contents/MacOS/DrawingFun";
			};
			name = Release;
		};
/* End XCBuildConfiguration section */

/* Begin XCConfigurationList section */
		2F0C6D9C1BE916B900E781A3 /* Build configuration list for PBXProject "DrawingFun" */ = {
			isa = XCConfigurationList;
			buildConfigurations = (
				2F0C6DBE1BE916BA00E781A3 /* Debug */,
				2F0C6DBF1BE916BA00E781A3 /* Release */,
			);
			defaultConfigurationIsVisible = 0;
			defaultConfigurationName = Release;
		};
		2F0C6DC01BE916BA00E781A3 /* Build configuration list for PBXNativeTarget "DrawingFun" */ = {
			isa = XCConfigurationList;
			buildConfigurations = (
				2F0C6DC11BE916BA00E781A3 /* Debug */,
				2F0C6DC21BE916BA00E781A3 /* Release */,
			);
			defaultConfigurationIsVisible = 0;
		};
		2F0C6DC31BE916BA00E781A3 /* Build configuration list for PBXNativeTarget "DrawingFunTests" */ = {
			isa = XCConfigurationList;
			buildConfigurations = (
				2F0C6DC41BE916BA00E781A3 /* Debug */,
				2F0C6DC51BE916BA00E781A3 /* Release */,
			);
			defaultConfigurationIsVisible = 0;
		};
/* End XCConfigurationList section */

/* Begin XCVersionGroup section */
		2F0C6DAA1BE916BA00E781A3 /* DrawingFun.xcdatamodeld */ = {
			isa = XCVersionGroup;
			children = (
				2F0C6DAB1BE916BA00E781A3 /* DrawingFun.xcdatamodel */,
			);
			currentVersion = 2F0C6DAB1BE916BA00E781A3 /* DrawingFun.xcdatamodel */;
			path = DrawingFun.xcdatamodeld;
			sourceTree = "<group>";
			versionGroupType = wrapper.xcdatamodel;
		};
/* End XCVersionGroup section */
	};
	rootObject = 2F0C6D991BE916B900E781A3 /* Project object */;
}
