// !$*UTF8*$!
{
	archiveVersion = 1;
	classes = {
	};
	objectVersion = 46;
	objects = {

/* Begin PBXBuildFile section */
		2FF9CC2E1BA4054B00B4295A /* CountCharAppDelegate.m in Sources */ = {isa = PBXBuildFile; fileRef = 2FF9CC2D1BA4054B00B4295A /* CountCharAppDelegate.m */; };
		2FF9CC301BA4054B00B4295A /* main.m in Sources */ = {isa = PBXBuildFile; fileRef = 2FF9CC2F1BA4054B00B4295A /* main.m */; };
		2FF9CC321BA4054B00B4295A /* Images.xcassets in Resources */ = {isa = PBXBuildFile; fileRef = 2FF9CC311BA4054B00B4295A /* Images.xcassets */; };
		2FF9CC351BA4054B00B4295A /* MainMenu.xib in Resources */ = {isa = PBXBuildFile; fileRef = 2FF9CC331BA4054B00B4295A /* MainMenu.xib */; };
		2FF9CC411BA4054B00B4295A /* CountCharTests.m in Sources */ = {isa = PBXBuildFile; fileRef = 2FF9CC401BA4054B00B4295A /* CountCharTests.m */; };
/* End PBXBuildFile section */

/* Begin PBXContainerItemProxy section */
		2FF9CC3B1BA4054B00B4295A /* PBXContainerItemProxy */ = {
			isa = PBXContainerItemProxy;
			containerPortal = 2FF9CC1F1BA4054B00B4295A /* Project object */;
			proxyType = 1;
			remoteGlobalIDString = 2FF9CC261BA4054B00B4295A;
			remoteInfo = CountChar;
		};
/* End PBXContainerItemProxy section */

/* Begin PBXFileReference section */
		2FF9CC271BA4054B00B4295A /* CountChar.app */ = {isa = PBXFileReference; explicitFileType = wrapper.application; includeInIndex = 0; path = CountChar.app; sourceTree = BUILT_PRODUCTS_DIR; };
		2FF9CC2B1BA4054B00B4295A /* Info.plist */ = {isa = PBXFileReference; lastKnownFileType = text.plist.xml; path = Info.plist; sourceTree = "<group>"; };
		2FF9CC2C1BA4054B00B4295A /* CountCharAppDelegate.h */ = {isa = PBXFileReference; lastKnownFileType = sourcecode.c.h; path = CountCharAppDelegate.h; sourceTree = "<group>"; };
		2FF9CC2D1BA4054B00B4295A /* CountCharAppDelegate.m */ = {isa = PBXFileReference; lastKnownFileType = sourcecode.c.objc; path = CountCharAppDelegate.m; sourceTree = "<group>"; };
		2FF9CC2F1BA4054B00B4295A /* main.m */ = {isa = PBXFileReference; lastKnownFileType = sourcecode.c.objc; path = main.m; sourceTree = "<group>"; };
		2FF9CC311BA4054B00B4295A /* Images.xcassets */ = {isa = PBXFileReference; lastKnownFileType = folder.assetcatalog; path = Images.xcassets; sourceTree = "<group>"; };
		2FF9CC341BA4054B00B4295A /* Base */ = {isa = PBXFileReference; lastKnownFileType = file.xib; name = Base; path = Base.lproj/MainMenu.xib; sourceTree = "<group>"; };
		2FF9CC3A1BA4054B00B4295A /* CountCharTests.xctest */ = {isa = PBXFileReference; explicitFileType = wrapper.cfbundle; includeInIndex = 0; path = CountCharTests.xctest; sourceTree = BUILT_PRODUCTS_DIR; };
		2FF9CC3F1BA4054B00B4295A /* Info.plist */ = {isa = PBXFileReference; lastKnownFileType = text.plist.xml; path = Info.plist; sourceTree = "<group>"; };
		2FF9CC401BA4054B00B4295A /* CountCharTests.m */ = {isa = PBXFileReference; lastKnownFileType = sourcecode.c.objc; path = CountCharTests.m; sourceTree = "<group>"; };
/* End PBXFileReference section */

/* Begin PBXFrameworksBuildPhase section */
		2FF9CC241BA4054B00B4295A /* Frameworks */ = {
			isa = PBXFrameworksBuildPhase;
			buildActionMask = 2147483647;
			files = (
			);
			runOnlyForDeploymentPostprocessing = 0;
		};
		2FF9CC371BA4054B00B4295A /* Frameworks */ = {
			isa = PBXFrameworksBuildPhase;
			buildActionMask = 2147483647;
			files = (
			);
			runOnlyForDeploymentPostprocessing = 0;
		};
/* End PBXFrameworksBuildPhase section */

/* Begin PBXGroup section */
		2FF9CC1E1BA4054B00B4295A = {
			isa = PBXGroup;
			children = (
				2FF9CC291BA4054B00B4295A /* CountChar */,
				2FF9CC3D1BA4054B00B4295A /* CountCharTests */,
				2FF9CC281BA4054B00B4295A /* Products */,
			);
			sourceTree = "<group>";
		};
		2FF9CC281BA4054B00B4295A /* Products */ = {
			isa = PBXGroup;
			children = (
				2FF9CC271BA4054B00B4295A /* CountChar.app */,
				2FF9CC3A1BA4054B00B4295A /* CountCharTests.xctest */,
			);
			name = Products;
			sourceTree = "<group>";
		};
		2FF9CC291BA4054B00B4295A /* CountChar */ = {
			isa = PBXGroup;
			children = (
				2FF9CC2C1BA4054B00B4295A /* CountCharAppDelegate.h */,
				2FF9CC2D1BA4054B00B4295A /* CountCharAppDelegate.m */,
				2FF9CC311BA4054B00B4295A /* Images.xcassets */,
				2FF9CC331BA4054B00B4295A /* MainMenu.xib */,
				2FF9CC2A1BA4054B00B4295A /* Supporting Files */,
			);
			path = CountChar;
			sourceTree = "<group>";
		};
		2FF9CC2A1BA4054B00B4295A /* Supporting Files */ = {
			isa = PBXGroup;
			children = (
				2FF9CC2B1BA4054B00B4295A /* Info.plist */,
				2FF9CC2F1BA4054B00B4295A /* main.m */,
			);
			name = "Supporting Files";
			sourceTree = "<group>";
		};
		2FF9CC3D1BA4054B00B4295A /* CountCharTests */ = {
			isa = PBXGroup;
			children = (
				2FF9CC401BA4054B00B4295A /* CountCharTests.m */,
				2FF9CC3E1BA4054B00B4295A /* Supporting Files */,
			);
			path = CountCharTests;
			sourceTree = "<group>";
		};
		2FF9CC3E1BA4054B00B4295A /* Supporting Files */ = {
			isa = PBXGroup;
			children = (
				2FF9CC3F1BA4054B00B4295A /* Info.plist */,
			);
			name = "Supporting Files";
			sourceTree = "<group>";
		};
/* End PBXGroup section */

/* Begin PBXNativeTarget section */
		2FF9CC261BA4054B00B4295A /* CountChar */ = {
			isa = PBXNativeTarget;
			buildConfigurationList = 2FF9CC441BA4054B00B4295A /* Build configuration list for PBXNativeTarget "CountChar" */;
			buildPhases = (
				2FF9CC231BA4054B00B4295A /* Sources */,
				2FF9CC241BA4054B00B4295A /* Frameworks */,
				2FF9CC251BA4054B00B4295A /* Resources */,
			);
			buildRules = (
			);
			dependencies = (
			);
			name = CountChar;
			productName = CountChar;
			productReference = 2FF9CC271BA4054B00B4295A /* CountChar.app */;
			productType = "com.apple.product-type.application";
		};
		2FF9CC391BA4054B00B4295A /* CountCharTests */ = {
			isa = PBXNativeTarget;
			buildConfigurationList = 2FF9CC471BA4054B00B4295A /* Build configuration list for PBXNativeTarget "CountCharTests" */;
			buildPhases = (
				2FF9CC361BA4054B00B4295A /* Sources */,
				2FF9CC371BA4054B00B4295A /* Frameworks */,
				2FF9CC381BA4054B00B4295A /* Resources */,
			);
			buildRules = (
			);
			dependencies = (
				2FF9CC3C1BA4054B00B4295A /* PBXTargetDependency */,
			);
			name = CountCharTests;
			productName = CountCharTests;
			productReference = 2FF9CC3A1BA4054B00B4295A /* CountCharTests.xctest */;
			productType = "com.apple.product-type.bundle.unit-test";
		};
/* End PBXNativeTarget section */

/* Begin PBXProject section */
		2FF9CC1F1BA4054B00B4295A /* Project object */ = {
			isa = PBXProject;
			attributes = {
				LastUpgradeCheck = 0640;
				ORGANIZATIONNAME = my.company;
				TargetAttributes = {
					2FF9CC261BA4054B00B4295A = {
						CreatedOnToolsVersion = 6.4;
					};
					2FF9CC391BA4054B00B4295A = {
						CreatedOnToolsVersion = 6.4;
						TestTargetID = 2FF9CC261BA4054B00B4295A;
					};
				};
			};
			buildConfigurationList = 2FF9CC221BA4054B00B4295A /* Build configuration list for PBXProject "CountChar" */;
			compatibilityVersion = "Xcode 3.2";
			developmentRegion = English;
			hasScannedForEncodings = 0;
			knownRegions = (
				en,
				Base,
			);
			mainGroup = 2FF9CC1E1BA4054B00B4295A;
			productRefGroup = 2FF9CC281BA4054B00B4295A /* Products */;
			projectDirPath = "";
			projectRoot = "";
			targets = (
				2FF9CC261BA4054B00B4295A /* CountChar */,
				2FF9CC391BA4054B00B4295A /* CountCharTests */,
			);
		};
/* End PBXProject section */

/* Begin PBXResourcesBuildPhase section */
		2FF9CC251BA4054B00B4295A /* Resources */ = {
			isa = PBXResourcesBuildPhase;
			buildActionMask = 2147483647;
			files = (
				2FF9CC321BA4054B00B4295A /* Images.xcassets in Resources */,
				2FF9CC351BA4054B00B4295A /* MainMenu.xib in Resources */,
			);
			runOnlyForDeploymentPostprocessing = 0;
		};
		2FF9CC381BA4054B00B4295A /* Resources */ = {
			isa = PBXResourcesBuildPhase;
			buildActionMask = 2147483647;
			files = (
			);
			runOnlyForDeploymentPostprocessing = 0;
		};
/* End PBXResourcesBuildPhase section */

/* Begin PBXSourcesBuildPhase section */
		2FF9CC231BA4054B00B4295A /* Sources */ = {
			isa = PBXSourcesBuildPhase;
			buildActionMask = 2147483647;
			files = (
				2FF9CC301BA4054B00B4295A /* main.m in Sources */,
				2FF9CC2E1BA4054B00B4295A /* CountCharAppDelegate.m in Sources */,
			);
			runOnlyForDeploymentPostprocessing = 0;
		};
		2FF9CC361BA4054B00B4295A /* Sources */ = {
			isa = PBXSourcesBuildPhase;
			buildActionMask = 2147483647;
			files = (
				2FF9CC411BA4054B00B4295A /* CountCharTests.m in Sources */,
			);
			runOnlyForDeploymentPostprocessing = 0;
		};
/* End PBXSourcesBuildPhase section */

/* Begin PBXTargetDependency section */
		2FF9CC3C1BA4054B00B4295A /* PBXTargetDependency */ = {
			isa = PBXTargetDependency;
			target = 2FF9CC261BA4054B00B4295A /* CountChar */;
			targetProxy = 2FF9CC3B1BA4054B00B4295A /* PBXContainerItemProxy */;
		};
/* End PBXTargetDependency section */

/* Begin PBXVariantGroup section */
		2FF9CC331BA4054B00B4295A /* MainMenu.xib */ = {
			isa = PBXVariantGroup;
			children = (
				2FF9CC341BA4054B00B4295A /* Base */,
			);
			name = MainMenu.xib;
			sourceTree = "<group>";
		};
/* End PBXVariantGroup section */

/* Begin XCBuildConfiguration section */
		2FF9CC421BA4054B00B4295A /* Debug */ = {
			isa = XCBuildConfiguration;
			buildSettings = {
				ALWAYS_SEARCH_USER_PATHS = NO;
				CLANG_CXX_LANGUAGE_STANDARD = "gnu++0x";
				CLANG_CXX_LIBRARY = "libc++";
				CLANG_ENABLE_MODULES = YES;
				CLANG_ENABLE_OBJC_ARC = YES;
				CLANG_WARN_BOOL_CONVERSION = YES;
				CLANG_WARN_CONSTANT_CONVERSION = YES;
				CLANG_WARN_DIRECT_OBJC_ISA_USAGE = YES_ERROR;
				CLANG_WARN_EMPTY_BODY = YES;
				CLANG_WARN_ENUM_CONVERSION = YES;
				CLANG_WARN_INT_CONVERSION = YES;
				CLANG_WARN_OBJC_ROOT_CLASS = YES_ERROR;
				CLANG_WARN_UNREACHABLE_CODE = YES;
				CLANG_WARN__DUPLICATE_METHOD_MATCH = YES;
				CODE_SIGN_IDENTITY = "-";
				COPY_PHASE_STRIP = NO;
				DEBUG_INFORMATION_FORMAT = dwarf;
				ENABLE_STRICT_OBJC_MSGSEND = YES;
				GCC_C_LANGUAGE_STANDARD = gnu99;
				GCC_DYNAMIC_NO_PIC = NO;
				GCC_NO_COMMON_BLOCKS = YES;
				GCC_OPTIMIZATION_LEVEL = 0;
				GCC_PREPROCESSOR_DEFINITIONS = (
					"DEBUG=1",
					"$(inherited)",
				);
				GCC_SYMBOLS_PRIVATE_EXTERN = NO;
				GCC_WARN_64_TO_32_BIT_CONVERSION = YES;
				GCC_WARN_ABOUT_RETURN_TYPE = YES_ERROR;
				GCC_WARN_UNDECLARED_SELECTOR = YES;
				GCC_WARN_UNINITIALIZED_AUTOS = YES_AGGRESSIVE;
				GCC_WARN_UNUSED_FUNCTION = YES;
				GCC_WARN_UNUSED_VARIABLE = YES;
				MACOSX_DEPLOYMENT_TARGET = 10.10;
				MTL_ENABLE_DEBUG_INFO = YES;
				ONLY_ACTIVE_ARCH = YES;
				SDKROOT = macosx;
			};
			name = Debug;
		};
		2FF9CC431BA4054B00B4295A /* Release */ = {
			isa = XCBuildConfiguration;
			buildSettings = {
				ALWAYS_SEARCH_USER_PATHS = NO;
				CLANG_CXX_LANGUAGE_STANDARD = "gnu++0x";
				CLANG_CXX_LIBRARY = "libc++";
				CLANG_ENABLE_MODULES = YES;
				CLANG_ENABLE_OBJC_ARC = YES;
				CLANG_WARN_BOOL_CONVERSION = YES;
				CLANG_WARN_CONSTANT_CONVERSION = YES;
				CLANG_WARN_DIRECT_OBJC_ISA_USAGE = YES_ERROR;
				CLANG_WARN_EMPTY_BODY = YES;
				CLANG_WARN_ENUM_CONVERSION = YES;
				CLANG_WARN_INT_CONVERSION = YES;
				CLANG_WARN_OBJC_ROOT_CLASS = YES_ERROR;
				CLANG_WARN_UNREACHABLE_CODE = YES;
				CLANG_WARN__DUPLICATE_METHOD_MATCH = YES;
				CODE_SIGN_IDENTITY = "-";
				COPY_PHASE_STRIP = NO;
				DEBUG_INFORMATION_FORMAT = "dwarf-with-dsym";
				ENABLE_NS_ASSERTIONS = NO;
				ENABLE_STRICT_OBJC_MSGSEND = YES;
				GCC_C_LANGUAGE_STANDARD = gnu99;
				GCC_NO_COMMON_BLOCKS = YES;
				GCC_WARN_64_TO_32_BIT_CONVERSION = YES;
				GCC_WARN_ABOUT_RETURN_TYPE = YES_ERROR;
				GCC_WARN_UNDECLARED_SELECTOR = YES;
				GCC_WARN_UNINITIALIZED_AUTOS = YES_AGGRESSIVE;
				GCC_WARN_UNUSED_FUNCTION = YES;
				GCC_WARN_UNUSED_VARIABLE = YES;
				MACOSX_DEPLOYMENT_TARGET = 10.10;
				MTL_ENABLE_DEBUG_INFO = NO;
				SDKROOT = macosx;
			};
			name = Release;
		};
		2FF9CC451BA4054B00B4295A /* Debug */ = {
			isa = XCBuildConfiguration;
			buildSettings = {
				ASSETCATALOG_COMPILER_APPICON_NAME = AppIcon;
				COMBINE_HIDPI_IMAGES = YES;
				INFOPLIST_FILE = CountChar/Info.plist;
				LD_RUNPATH_SEARCH_PATHS = "$(inherited) @executable_path/../Frameworks";
				PRODUCT_NAME = "$(TARGET_NAME)";
			};
			name = Debug;
		};
		2FF9CC461BA4054B00B4295A /* Release */ = {
			isa = XCBuildConfiguration;
			buildSettings = {
				ASSETCATALOG_COMPILER_APPICON_NAME = AppIcon;
				COMBINE_HIDPI_IMAGES = YES;
				INFOPLIST_FILE = CountChar/Info.plist;
				LD_RUNPATH_SEARCH_PATHS = "$(inherited) @executable_path/../Frameworks";
				PRODUCT_NAME = "$(TARGET_NAME)";
			};
			name = Release;
		};
		2FF9CC481BA4054B00B4295A /* Debug */ = {
			isa = XCBuildConfiguration;
			buildSettings = {
				BUNDLE_LOADER = "$(TEST_HOST)";
				COMBINE_HIDPI_IMAGES = YES;
				FRAMEWORK_SEARCH_PATHS = (
					"$(DEVELOPER_FRAMEWORKS_DIR)",
					"$(inherited)",
				);
				GCC_PREPROCESSOR_DEFINITIONS = (
					"DEBUG=1",
					"$(inherited)",
				);
				INFOPLIST_FILE = CountCharTests/Info.plist;
				LD_RUNPATH_SEARCH_PATHS = "$(inherited) @executable_path/../Frameworks @loader_path/../Frameworks";
				PRODUCT_NAME = "$(TARGET_NAME)";
				TEST_HOST = "$(BUILT_PRODUCTS_DIR)/CountChar.app/Contents/MacOS/CountChar";
			};
			name = Debug;
		};
		2FF9CC491BA4054B00B4295A /* Release */ = {
			isa = XCBuildConfiguration;
			buildSettings = {
				BUNDLE_LOADER = "$(TEST_HOST)";
				COMBINE_HIDPI_IMAGES = YES;
				FRAMEWORK_SEARCH_PATHS = (
					"$(DEVELOPER_FRAMEWORKS_DIR)",
					"$(inherited)",
				);
				INFOPLIST_FILE = CountCharTests/Info.plist;
				LD_RUNPATH_SEARCH_PATHS = "$(inherited) @executable_path/../Frameworks @loader_path/../Frameworks";
				PRODUCT_NAME = "$(TARGET_NAME)";
				TEST_HOST = "$(BUILT_PRODUCTS_DIR)/CountChar.app/Contents/MacOS/CountChar";
			};
			name = Release;
		};
/* End XCBuildConfiguration section */

/* Begin XCConfigurationList section */
		2FF9CC221BA4054B00B4295A /* Build configuration list for PBXProject "CountChar" */ = {
			isa = XCConfigurationList;
			buildConfigurations = (
				2FF9CC421BA4054B00B4295A /* Debug */,
				2FF9CC431BA4054B00B4295A /* Release */,
			);
			defaultConfigurationIsVisible = 0;
			defaultConfigurationName = Release;
		};
		2FF9CC441BA4054B00B4295A /* Build configuration list for PBXNativeTarget "CountChar" */ = {
			isa = XCConfigurationList;
			buildConfigurations = (
				2FF9CC451BA4054B00B4295A /* Debug */,
				2FF9CC461BA4054B00B4295A /* Release */,
			);
			defaultConfigurationIsVisible = 0;
		};
		2FF9CC471BA4054B00B4295A /* Build configuration list for PBXNativeTarget "CountCharTests" */ = {
			isa = XCConfigurationList;
			buildConfigurations = (
				2FF9CC481BA4054B00B4295A /* Debug */,
				2FF9CC491BA4054B00B4295A /* Release */,
			);
			defaultConfigurationIsVisible = 0;
		};
/* End XCConfigurationList section */
	};
	rootObject = 2FF9CC1F1BA4054B00B4295A /* Project object */;
}
