// !$*UTF8*$!
{
	archiveVersion = 1;
	classes = {
	};
	objectVersion = 46;
	objects = {

/* Begin PBXBuildFile section */
		2F7850271BF4FCBA001BD028 /* AppDelegate.m in Sources */ = {isa = PBXBuildFile; fileRef = 2F7850261BF4FCBA001BD028 /* AppDelegate.m */; };
		2F78502A1BF4FCBA001BD028 /* main.m in Sources */ = {isa = PBXBuildFile; fileRef = 2F7850291BF4FCBA001BD028 /* main.m */; };
		2F78502C1BF4FCBA001BD028 /* Assets.xcassets in Resources */ = {isa = PBXBuildFile; fileRef = 2F78502B1BF4FCBA001BD028 /* Assets.xcassets */; };
		2F78502F1BF4FCBA001BD028 /* MainMenu.xib in Resources */ = {isa = PBXBuildFile; fileRef = 2F78502D1BF4FCBA001BD028 /* MainMenu.xib */; };
		2F78503A1BF4FCBA001BD028 /* MatrixTests.m in Sources */ = {isa = PBXBuildFile; fileRef = 2F7850391BF4FCBA001BD028 /* MatrixTests.m */; };
/* End PBXBuildFile section */

/* Begin PBXContainerItemProxy section */
		2F7850361BF4FCBA001BD028 /* PBXContainerItemProxy */ = {
			isa = PBXContainerItemProxy;
			containerPortal = 2F78501A1BF4FCBA001BD028 /* Project object */;
			proxyType = 1;
			remoteGlobalIDString = 2F7850211BF4FCBA001BD028;
			remoteInfo = Matrix;
		};
/* End PBXContainerItemProxy section */

/* Begin PBXFileReference section */
		2F7850221BF4FCBA001BD028 /* Matrix.app */ = {isa = PBXFileReference; explicitFileType = wrapper.application; includeInIndex = 0; path = Matrix.app; sourceTree = BUILT_PRODUCTS_DIR; };
		2F7850251BF4FCBA001BD028 /* AppDelegate.h */ = {isa = PBXFileReference; lastKnownFileType = sourcecode.c.h; path = AppDelegate.h; sourceTree = "<group>"; };
		2F7850261BF4FCBA001BD028 /* AppDelegate.m */ = {isa = PBXFileReference; lastKnownFileType = sourcecode.c.objc; path = AppDelegate.m; sourceTree = "<group>"; };
		2F7850291BF4FCBA001BD028 /* main.m */ = {isa = PBXFileReference; lastKnownFileType = sourcecode.c.objc; path = main.m; sourceTree = "<group>"; };
		2F78502B1BF4FCBA001BD028 /* Assets.xcassets */ = {isa = PBXFileReference; lastKnownFileType = folder.assetcatalog; path = Assets.xcassets; sourceTree = "<group>"; };
		2F78502E1BF4FCBA001BD028 /* Base */ = {isa = PBXFileReference; lastKnownFileType = file.xib; name = Base; path = Base.lproj/MainMenu.xib; sourceTree = "<group>"; };
		2F7850301BF4FCBA001BD028 /* Info.plist */ = {isa = PBXFileReference; lastKnownFileType = text.plist.xml; path = Info.plist; sourceTree = "<group>"; };
		2F7850351BF4FCBA001BD028 /* MatrixTests.xctest */ = {isa = PBXFileReference; explicitFileType = wrapper.cfbundle; includeInIndex = 0; path = MatrixTests.xctest; sourceTree = BUILT_PRODUCTS_DIR; };
		2F7850391BF4FCBA001BD028 /* MatrixTests.m */ = {isa = PBXFileReference; lastKnownFileType = sourcecode.c.objc; path = MatrixTests.m; sourceTree = "<group>"; };
		2F78503B1BF4FCBB001BD028 /* Info.plist */ = {isa = PBXFileReference; lastKnownFileType = text.plist.xml; path = Info.plist; sourceTree = "<group>"; };
/* End PBXFileReference section */

/* Begin PBXFrameworksBuildPhase section */
		2F78501F1BF4FCBA001BD028 /* Frameworks */ = {
			isa = PBXFrameworksBuildPhase;
			buildActionMask = 2147483647;
			files = (
			);
			runOnlyForDeploymentPostprocessing = 0;
		};
		2F7850321BF4FCBA001BD028 /* Frameworks */ = {
			isa = PBXFrameworksBuildPhase;
			buildActionMask = 2147483647;
			files = (
			);
			runOnlyForDeploymentPostprocessing = 0;
		};
/* End PBXFrameworksBuildPhase section */

/* Begin PBXGroup section */
		2F7850191BF4FCBA001BD028 = {
			isa = PBXGroup;
			children = (
				2F7850241BF4FCBA001BD028 /* Matrix */,
				2F7850381BF4FCBA001BD028 /* MatrixTests */,
				2F7850231BF4FCBA001BD028 /* Products */,
			);
			sourceTree = "<group>";
		};
		2F7850231BF4FCBA001BD028 /* Products */ = {
			isa = PBXGroup;
			children = (
				2F7850221BF4FCBA001BD028 /* Matrix.app */,
				2F7850351BF4FCBA001BD028 /* MatrixTests.xctest */,
			);
			name = Products;
			sourceTree = "<group>";
		};
		2F7850241BF4FCBA001BD028 /* Matrix */ = {
			isa = PBXGroup;
			children = (
				2F7850251BF4FCBA001BD028 /* AppDelegate.h */,
				2F7850261BF4FCBA001BD028 /* AppDelegate.m */,
				2F78502B1BF4FCBA001BD028 /* Assets.xcassets */,
				2F78502D1BF4FCBA001BD028 /* MainMenu.xib */,
				2F7850301BF4FCBA001BD028 /* Info.plist */,
				2F7850281BF4FCBA001BD028 /* Supporting Files */,
			);
			path = Matrix;
			sourceTree = "<group>";
		};
		2F7850281BF4FCBA001BD028 /* Supporting Files */ = {
			isa = PBXGroup;
			children = (
				2F7850291BF4FCBA001BD028 /* main.m */,
			);
			name = "Supporting Files";
			sourceTree = "<group>";
		};
		2F7850381BF4FCBA001BD028 /* MatrixTests */ = {
			isa = PBXGroup;
			children = (
				2F7850391BF4FCBA001BD028 /* MatrixTests.m */,
				2F78503B1BF4FCBB001BD028 /* Info.plist */,
			);
			path = MatrixTests;
			sourceTree = "<group>";
		};
/* End PBXGroup section */

/* Begin PBXNativeTarget section */
		2F7850211BF4FCBA001BD028 /* Matrix */ = {
			isa = PBXNativeTarget;
			buildConfigurationList = 2F78503E1BF4FCBB001BD028 /* Build configuration list for PBXNativeTarget "Matrix" */;
			buildPhases = (
				2F78501E1BF4FCBA001BD028 /* Sources */,
				2F78501F1BF4FCBA001BD028 /* Frameworks */,
				2F7850201BF4FCBA001BD028 /* Resources */,
			);
			buildRules = (
			);
			dependencies = (
			);
			name = Matrix;
			productName = Matrix;
			productReference = 2F7850221BF4FCBA001BD028 /* Matrix.app */;
			productType = "com.apple.product-type.application";
		};
		2F7850341BF4FCBA001BD028 /* MatrixTests */ = {
			isa = PBXNativeTarget;
			buildConfigurationList = 2F7850411BF4FCBB001BD028 /* Build configuration list for PBXNativeTarget "MatrixTests" */;
			buildPhases = (
				2F7850311BF4FCBA001BD028 /* Sources */,
				2F7850321BF4FCBA001BD028 /* Frameworks */,
				2F7850331BF4FCBA001BD028 /* Resources */,
			);
			buildRules = (
			);
			dependencies = (
				2F7850371BF4FCBA001BD028 /* PBXTargetDependency */,
			);
			name = MatrixTests;
			productName = MatrixTests;
			productReference = 2F7850351BF4FCBA001BD028 /* MatrixTests.xctest */;
			productType = "com.apple.product-type.bundle.unit-test";
		};
/* End PBXNativeTarget section */

/* Begin PBXProject section */
		2F78501A1BF4FCBA001BD028 /* Project object */ = {
			isa = PBXProject;
			attributes = {
				LastUpgradeCheck = 0710;
				ORGANIZATIONNAME = my.company;
				TargetAttributes = {
					2F7850211BF4FCBA001BD028 = {
						CreatedOnToolsVersion = 7.1;
					};
					2F7850341BF4FCBA001BD028 = {
						CreatedOnToolsVersion = 7.1;
						TestTargetID = 2F7850211BF4FCBA001BD028;
					};
				};
			};
			buildConfigurationList = 2F78501D1BF4FCBA001BD028 /* Build configuration list for PBXProject "Matrix" */;
			compatibilityVersion = "Xcode 3.2";
			developmentRegion = English;
			hasScannedForEncodings = 0;
			knownRegions = (
				en,
				Base,
			);
			mainGroup = 2F7850191BF4FCBA001BD028;
			productRefGroup = 2F7850231BF4FCBA001BD028 /* Products */;
			projectDirPath = "";
			projectRoot = "";
			targets = (
				2F7850211BF4FCBA001BD028 /* Matrix */,
				2F7850341BF4FCBA001BD028 /* MatrixTests */,
			);
		};
/* End PBXProject section */

/* Begin PBXResourcesBuildPhase section */
		2F7850201BF4FCBA001BD028 /* Resources */ = {
			isa = PBXResourcesBuildPhase;
			buildActionMask = 2147483647;
			files = (
				2F78502C1BF4FCBA001BD028 /* Assets.xcassets in Resources */,
				2F78502F1BF4FCBA001BD028 /* MainMenu.xib in Resources */,
			);
			runOnlyForDeploymentPostprocessing = 0;
		};
		2F7850331BF4FCBA001BD028 /* Resources */ = {
			isa = PBXResourcesBuildPhase;
			buildActionMask = 2147483647;
			files = (
			);
			runOnlyForDeploymentPostprocessing = 0;
		};
/* End PBXResourcesBuildPhase section */

/* Begin PBXSourcesBuildPhase section */
		2F78501E1BF4FCBA001BD028 /* Sources */ = {
			isa = PBXSourcesBuildPhase;
			buildActionMask = 2147483647;
			files = (
				2F78502A1BF4FCBA001BD028 /* main.m in Sources */,
				2F7850271BF4FCBA001BD028 /* AppDelegate.m in Sources */,
			);
			runOnlyForDeploymentPostprocessing = 0;
		};
		2F7850311BF4FCBA001BD028 /* Sources */ = {
			isa = PBXSourcesBuildPhase;
			buildActionMask = 2147483647;
			files = (
				2F78503A1BF4FCBA001BD028 /* MatrixTests.m in Sources */,
			);
			runOnlyForDeploymentPostprocessing = 0;
		};
/* End PBXSourcesBuildPhase section */

/* Begin PBXTargetDependency section */
		2F7850371BF4FCBA001BD028 /* PBXTargetDependency */ = {
			isa = PBXTargetDependency;
			target = 2F7850211BF4FCBA001BD028 /* Matrix */;
			targetProxy = 2F7850361BF4FCBA001BD028 /* PBXContainerItemProxy */;
		};
/* End PBXTargetDependency section */

/* Begin PBXVariantGroup section */
		2F78502D1BF4FCBA001BD028 /* MainMenu.xib */ = {
			isa = PBXVariantGroup;
			children = (
				2F78502E1BF4FCBA001BD028 /* Base */,
			);
			name = MainMenu.xib;
			sourceTree = "<group>";
		};
/* End PBXVariantGroup section */

/* Begin XCBuildConfiguration section */
		2F78503C1BF4FCBB001BD028 /* Debug */ = {
			isa = XCBuildConfiguration;
			buildSettings = {
				ALWAYS_SEARCH_USER_PATHS = NO;
				CLANG_CXX_LANGUAGE_STANDARD = "gnu++0x";
				CLANG_CXX_LIBRARY = "libc++";
				CLANG_ENABLE_MODULES = YES;
				CLANG_ENABLE_OBJC_ARC = YES;
				CLANG_WARN_BOOL_CONVERSION = YES;
				CLANG_WARN_CONSTANT_CONVERSION = YES;
				CLANG_WARN_DIRECT_OBJC_ISA_USAGE = YES_ERROR;
				CLANG_WARN_EMPTY_BODY = YES;
				CLANG_WARN_ENUM_CONVERSION = YES;
				CLANG_WARN_INT_CONVERSION = YES;
				CLANG_WARN_OBJC_ROOT_CLASS = YES_ERROR;
				CLANG_WARN_UNREACHABLE_CODE = YES;
				CLANG_WARN__DUPLICATE_METHOD_MATCH = YES;
				CODE_SIGN_IDENTITY = "-";
				COPY_PHASE_STRIP = NO;
				DEBUG_INFORMATION_FORMAT = dwarf;
				ENABLE_STRICT_OBJC_MSGSEND = YES;
				ENABLE_TESTABILITY = YES;
				GCC_C_LANGUAGE_STANDARD = gnu99;
				GCC_DYNAMIC_NO_PIC = NO;
				GCC_NO_COMMON_BLOCKS = YES;
				GCC_OPTIMIZATION_LEVEL = 0;
				GCC_PREPROCESSOR_DEFINITIONS = (
					"DEBUG=1",
					"$(inherited)",
				);
				GCC_WARN_64_TO_32_BIT_CONVERSION = YES;
				GCC_WARN_ABOUT_RETURN_TYPE = YES_ERROR;
				GCC_WARN_UNDECLARED_SELECTOR = YES;
				GCC_WARN_UNINITIALIZED_AUTOS = YES_AGGRESSIVE;
				GCC_WARN_UNUSED_FUNCTION = YES;
				GCC_WARN_UNUSED_VARIABLE = YES;
				MACOSX_DEPLOYMENT_TARGET = 10.11;
				MTL_ENABLE_DEBUG_INFO = YES;
				ONLY_ACTIVE_ARCH = YES;
				SDKROOT = macosx;
			};
			name = Debug;
		};
		2F78503D1BF4FCBB001BD028 /* Release */ = {
			isa = XCBuildConfiguration;
			buildSettings = {
				ALWAYS_SEARCH_USER_PATHS = NO;
				CLANG_CXX_LANGUAGE_STANDARD = "gnu++0x";
				CLANG_CXX_LIBRARY = "libc++";
				CLANG_ENABLE_MODULES = YES;
				CLANG_ENABLE_OBJC_ARC = YES;
				CLANG_WARN_BOOL_CONVERSION = YES;
				CLANG_WARN_CONSTANT_CONVERSION = YES;
				CLANG_WARN_DIRECT_OBJC_ISA_USAGE = YES_ERROR;
				CLANG_WARN_EMPTY_BODY = YES;
				CLANG_WARN_ENUM_CONVERSION = YES;
				CLANG_WARN_INT_CONVERSION = YES;
				CLANG_WARN_OBJC_ROOT_CLASS = YES_ERROR;
				CLANG_WARN_UNREACHABLE_CODE = YES;
				CLANG_WARN__DUPLICATE_METHOD_MATCH = YES;
				CODE_SIGN_IDENTITY = "-";
				COPY_PHASE_STRIP = NO;
				DEBUG_INFORMATION_FORMAT = "dwarf-with-dsym";
				ENABLE_NS_ASSERTIONS = NO;
				ENABLE_STRICT_OBJC_MSGSEND = YES;
				GCC_C_LANGUAGE_STANDARD = gnu99;
				GCC_NO_COMMON_BLOCKS = YES;
				GCC_WARN_64_TO_32_BIT_CONVERSION = YES;
				GCC_WARN_ABOUT_RETURN_TYPE = YES_ERROR;
				GCC_WARN_UNDECLARED_SELECTOR = YES;
				GCC_WARN_UNINITIALIZED_AUTOS = YES_AGGRESSIVE;
				GCC_WARN_UNUSED_FUNCTION = YES;
				GCC_WARN_UNUSED_VARIABLE = YES;
				MACOSX_DEPLOYMENT_TARGET = 10.11;
				MTL_ENABLE_DEBUG_INFO = NO;
				SDKROOT = macosx;
			};
			name = Release;
		};
		2F78503F1BF4FCBB001BD028 /* Debug */ = {
			isa = XCBuildConfiguration;
			buildSettings = {
				ASSETCATALOG_COMPILER_APPICON_NAME = AppIcon;
				COMBINE_HIDPI_IMAGES = YES;
				INFOPLIST_FILE = Matrix/Info.plist;
				LD_RUNPATH_SEARCH_PATHS = "$(inherited) @executable_path/../Frameworks";
				PRODUCT_BUNDLE_IDENTIFIER = youku.Matrix;
				PRODUCT_NAME = "$(TARGET_NAME)";
			};
			name = Debug;
		};
		2F7850401BF4FCBB001BD028 /* Release */ = {
			isa = XCBuildConfiguration;
			buildSettings = {
				ASSETCATALOG_COMPILER_APPICON_NAME = AppIcon;
				COMBINE_HIDPI_IMAGES = YES;
				INFOPLIST_FILE = Matrix/Info.plist;
				LD_RUNPATH_SEARCH_PATHS = "$(inherited) @executable_path/../Frameworks";
				PRODUCT_BUNDLE_IDENTIFIER = youku.Matrix;
				PRODUCT_NAME = "$(TARGET_NAME)";
			};
			name = Release;
		};
		2F7850421BF4FCBB001BD028 /* Debug */ = {
			isa = XCBuildConfiguration;
			buildSettings = {
				BUNDLE_LOADER = "$(TEST_HOST)";
				COMBINE_HIDPI_IMAGES = YES;
				INFOPLIST_FILE = MatrixTests/Info.plist;
				LD_RUNPATH_SEARCH_PATHS = "$(inherited) @executable_path/../Frameworks @loader_path/../Frameworks";
				PRODUCT_BUNDLE_IDENTIFIER = youku.MatrixTests;
				PRODUCT_NAME = "$(TARGET_NAME)";
				TEST_HOST = "$(BUILT_PRODUCTS_DIR)/Matrix.app/Contents/MacOS/Matrix";
			};
			name = Debug;
		};
		2F7850431BF4FCBB001BD028 /* Release */ = {
			isa = XCBuildConfiguration;
			buildSettings = {
				BUNDLE_LOADER = "$(TEST_HOST)";
				COMBINE_HIDPI_IMAGES = YES;
				INFOPLIST_FILE = MatrixTests/Info.plist;
				LD_RUNPATH_SEARCH_PATHS = "$(inherited) @executable_path/../Frameworks @loader_path/../Frameworks";
				PRODUCT_BUNDLE_IDENTIFIER = youku.MatrixTests;
				PRODUCT_NAME = "$(TARGET_NAME)";
				TEST_HOST = "$(BUILT_PRODUCTS_DIR)/Matrix.app/Contents/MacOS/Matrix";
			};
			name = Release;
		};
/* End XCBuildConfiguration section */

/* Begin XCConfigurationList section */
		2F78501D1BF4FCBA001BD028 /* Build configuration list for PBXProject "Matrix" */ = {
			isa = XCConfigurationList;
			buildConfigurations = (
				2F78503C1BF4FCBB001BD028 /* Debug */,
				2F78503D1BF4FCBB001BD028 /* Release */,
			);
			defaultConfigurationIsVisible = 0;
			defaultConfigurationName = Release;
		};
		2F78503E1BF4FCBB001BD028 /* Build configuration list for PBXNativeTarget "Matrix" */ = {
			isa = XCConfigurationList;
			buildConfigurations = (
				2F78503F1BF4FCBB001BD028 /* Debug */,
				2F7850401BF4FCBB001BD028 /* Release */,
			);
			defaultConfigurationIsVisible = 0;
		};
		2F7850411BF4FCBB001BD028 /* Build configuration list for PBXNativeTarget "MatrixTests" */ = {
			isa = XCConfigurationList;
			buildConfigurations = (
				2F7850421BF4FCBB001BD028 /* Debug */,
				2F7850431BF4FCBB001BD028 /* Release */,
			);
			defaultConfigurationIsVisible = 0;
		};
/* End XCConfigurationList section */
	};
	rootObject = 2F78501A1BF4FCBA001BD028 /* Project object */;
}
